
Microsoft Visual Studio Solution File, Format Version 12.00
# Visual Studio 15
VisualStudioVersion = 15.0.26430.14
MinimumVisualStudioVersion = 10.0.40219.1
Project("{2150E333-8FDC-42A3-9474-1A3956D46DE8}") = "Samples", "Samples", "{76F5215C-0B30-4B19-8FED-D24E063370E7}"
EndProject
Project("{2150E333-8FDC-42A3-9474-1A3956D46DE8}") = "Main", "Main", "{F310F51D-D4B6-43BE-A224-B35471457EA0}"
EndProject
Project("{2150E333-8FDC-42A3-9474-1A3956D46DE8}") = "Src", "Src", "{73F6D098-3FAD-45AC-8EF0-A0116BF6672D}"
EndProject
Project("{2150E333-8FDC-42A3-9474-1A3956D46DE8}") = "Tests", "Tests", "{F9F450DD-D41E-4829-8345-B18D84875E5C}"
EndProject
Project("{FAE04EC0-301F-11D3-BF4B-00C04F79EFBC}") = "Morphous.Native", "Src\Morphous.Native\Morphous.Native.csproj", "{659A865A-2F90-4CC8-9B30-347A7E66ECAF}"
EndProject
Project("{FAE04EC0-301F-11D3-BF4B-00C04F79EFBC}") = "Morphous.Native.Droid", "Src\Morphous.Native.Droid\Morphous.Native.Droid.csproj", "{6A778528-14D9-4270-96E2-66E7B1077806}"
EndProject
Project("{FAE04EC0-301F-11D3-BF4B-00C04F79EFBC}") = "Morphous.Native.iOS", "Src\Morphous.Native.iOS\Morphous.Native.iOS.csproj", "{77955AB1-40EA-4634-A047-0BDF3C480F33}"
EndProject
Project("{FAE04EC0-301F-11D3-BF4B-00C04F79EFBC}") = "Morphous.Native.UWP", "Src\Morphous.Native.UWP\Morphous.Native.UWP.csproj", "{818E536A-FE40-4EA9-99B6-BEAA3A70AB66}"
EndProject
Project("{FAE04EC0-301F-11D3-BF4B-00C04F79EFBC}") = "MainSample", "Samples\Main\MainSample\MainSample.csproj", "{B068FB24-752A-4B5B-869E-8E018EDC9E30}"
EndProject
Project("{FAE04EC0-301F-11D3-BF4B-00C04F79EFBC}") = "MainSample.Droid", "Samples\Main\MainSample.Droid\MainSample.Droid.csproj", "{45E30BCF-E18A-4578-97D2-C31EF4792019}"
EndProject
Project("{FAE04EC0-301F-11D3-BF4B-00C04F79EFBC}") = "MainSample.iOS", "Samples\Main\MainSample.iOS\MainSample.iOS.csproj", "{21954413-4CB1-442C-8276-48ED66ED3AB8}"
EndProject
Project("{FAE04EC0-301F-11D3-BF4B-00C04F79EFBC}") = "Morphous.Native.UnitTests", "Src\Tests\Morphous.Native.UnitTests\Morphous.Native.UnitTests.csproj", "{9D1CD6D5-39C4-46B6-AB63-42362BB4BE4B}"
EndProject
Project("{FAE04EC0-301F-11D3-BF4B-00C04F79EFBC}") = "Morphous.Native.IntegrationTests", "Src\Tests\Morphous.Native.IntegrationTests\Morphous.Native.IntegrationTests.csproj", "{037B9BF9-DC3B-4053-838B-B26BC3BE1759}"
EndProject
Project("{2150E333-8FDC-42A3-9474-1A3956D46DE8}") = "News", "News", "{3B7F56A6-C690-40A6-BF33-88D565E4DD8F}"
EndProject
Project("{FAE04EC0-301F-11D3-BF4B-00C04F79EFBC}") = "News.iOS", "Samples\News\News.iOS\News.iOS.csproj", "{9492604A-FBF7-4231-A312-6E0BF5D562CF}"
EndProject
Project("{FAE04EC0-301F-11D3-BF4B-00C04F79EFBC}") = "News.Droid", "Samples\News\News.Droid\News.Droid.csproj", "{CD78EC9C-C5C0-4353-AFE8-B04086563FF8}"
EndProject
Global
	GlobalSection(SolutionConfigurationPlatforms) = preSolution
		Ad-Hoc|Any CPU = Ad-Hoc|Any CPU
		Ad-Hoc|ARM = Ad-Hoc|ARM
		Ad-Hoc|iPhone = Ad-Hoc|iPhone
		Ad-Hoc|iPhoneSimulator = Ad-Hoc|iPhoneSimulator
		Ad-Hoc|x64 = Ad-Hoc|x64
		Ad-Hoc|x86 = Ad-Hoc|x86
		AppStore|Any CPU = AppStore|Any CPU
		AppStore|ARM = AppStore|ARM
		AppStore|iPhone = AppStore|iPhone
		AppStore|iPhoneSimulator = AppStore|iPhoneSimulator
		AppStore|x64 = AppStore|x64
		AppStore|x86 = AppStore|x86
		Debug|Any CPU = Debug|Any CPU
		Debug|ARM = Debug|ARM
		Debug|iPhone = Debug|iPhone
		Debug|iPhoneSimulator = Debug|iPhoneSimulator
		Debug|x64 = Debug|x64
		Debug|x86 = Debug|x86
		Release|Any CPU = Release|Any CPU
		Release|ARM = Release|ARM
		Release|iPhone = Release|iPhone
		Release|iPhoneSimulator = Release|iPhoneSimulator
		Release|x64 = Release|x64
		Release|x86 = Release|x86
		Test|Any CPU = Test|Any CPU
		Test|ARM = Test|ARM
		Test|iPhone = Test|iPhone
		Test|iPhoneSimulator = Test|iPhoneSimulator
		Test|x64 = Test|x64
		Test|x86 = Test|x86
	EndGlobalSection
	GlobalSection(ProjectConfigurationPlatforms) = postSolution
		{659A865A-2F90-4CC8-9B30-347A7E66ECAF}.Ad-Hoc|Any CPU.ActiveCfg = Release|Any CPU
		{659A865A-2F90-4CC8-9B30-347A7E66ECAF}.Ad-Hoc|Any CPU.Build.0 = Release|Any CPU
		{659A865A-2F90-4CC8-9B30-347A7E66ECAF}.Ad-Hoc|ARM.ActiveCfg = Release|Any CPU
		{659A865A-2F90-4CC8-9B30-347A7E66ECAF}.Ad-Hoc|ARM.Build.0 = Release|Any CPU
		{659A865A-2F90-4CC8-9B30-347A7E66ECAF}.Ad-Hoc|iPhone.ActiveCfg = Release|Any CPU
		{659A865A-2F90-4CC8-9B30-347A7E66ECAF}.Ad-Hoc|iPhone.Build.0 = Release|Any CPU
		{659A865A-2F90-4CC8-9B30-347A7E66ECAF}.Ad-Hoc|iPhoneSimulator.ActiveCfg = Release|Any CPU
		{659A865A-2F90-4CC8-9B30-347A7E66ECAF}.Ad-Hoc|iPhoneSimulator.Build.0 = Release|Any CPU
		{659A865A-2F90-4CC8-9B30-347A7E66ECAF}.Ad-Hoc|x64.ActiveCfg = Release|Any CPU
		{659A865A-2F90-4CC8-9B30-347A7E66ECAF}.Ad-Hoc|x64.Build.0 = Release|Any CPU
		{659A865A-2F90-4CC8-9B30-347A7E66ECAF}.Ad-Hoc|x86.ActiveCfg = Release|Any CPU
		{659A865A-2F90-4CC8-9B30-347A7E66ECAF}.Ad-Hoc|x86.Build.0 = Release|Any CPU
		{659A865A-2F90-4CC8-9B30-347A7E66ECAF}.AppStore|Any CPU.ActiveCfg = Release|Any CPU
		{659A865A-2F90-4CC8-9B30-347A7E66ECAF}.AppStore|Any CPU.Build.0 = Release|Any CPU
		{659A865A-2F90-4CC8-9B30-347A7E66ECAF}.AppStore|ARM.ActiveCfg = Release|Any CPU
		{659A865A-2F90-4CC8-9B30-347A7E66ECAF}.AppStore|ARM.Build.0 = Release|Any CPU
		{659A865A-2F90-4CC8-9B30-347A7E66ECAF}.AppStore|iPhone.ActiveCfg = Release|Any CPU
		{659A865A-2F90-4CC8-9B30-347A7E66ECAF}.AppStore|iPhone.Build.0 = Release|Any CPU
		{659A865A-2F90-4CC8-9B30-347A7E66ECAF}.AppStore|iPhoneSimulator.ActiveCfg = Release|Any CPU
		{659A865A-2F90-4CC8-9B30-347A7E66ECAF}.AppStore|iPhoneSimulator.Build.0 = Release|Any CPU
		{659A865A-2F90-4CC8-9B30-347A7E66ECAF}.AppStore|x64.ActiveCfg = Release|Any CPU
		{659A865A-2F90-4CC8-9B30-347A7E66ECAF}.AppStore|x64.Build.0 = Release|Any CPU
		{659A865A-2F90-4CC8-9B30-347A7E66ECAF}.AppStore|x86.ActiveCfg = Release|Any CPU
		{659A865A-2F90-4CC8-9B30-347A7E66ECAF}.AppStore|x86.Build.0 = Release|Any CPU
		{659A865A-2F90-4CC8-9B30-347A7E66ECAF}.Debug|Any CPU.ActiveCfg = Debug|Any CPU
		{659A865A-2F90-4CC8-9B30-347A7E66ECAF}.Debug|Any CPU.Build.0 = Debug|Any CPU
		{659A865A-2F90-4CC8-9B30-347A7E66ECAF}.Debug|ARM.ActiveCfg = Debug|Any CPU
		{659A865A-2F90-4CC8-9B30-347A7E66ECAF}.Debug|ARM.Build.0 = Debug|Any CPU
		{659A865A-2F90-4CC8-9B30-347A7E66ECAF}.Debug|iPhone.ActiveCfg = Debug|Any CPU
		{659A865A-2F90-4CC8-9B30-347A7E66ECAF}.Debug|iPhone.Build.0 = Debug|Any CPU
		{659A865A-2F90-4CC8-9B30-347A7E66ECAF}.Debug|iPhoneSimulator.ActiveCfg = Debug|Any CPU
		{659A865A-2F90-4CC8-9B30-347A7E66ECAF}.Debug|iPhoneSimulator.Build.0 = Debug|Any CPU
		{659A865A-2F90-4CC8-9B30-347A7E66ECAF}.Debug|x64.ActiveCfg = Debug|Any CPU
		{659A865A-2F90-4CC8-9B30-347A7E66ECAF}.Debug|x64.Build.0 = Debug|Any CPU
		{659A865A-2F90-4CC8-9B30-347A7E66ECAF}.Debug|x86.ActiveCfg = Debug|Any CPU
		{659A865A-2F90-4CC8-9B30-347A7E66ECAF}.Debug|x86.Build.0 = Debug|Any CPU
		{659A865A-2F90-4CC8-9B30-347A7E66ECAF}.Release|Any CPU.ActiveCfg = Release|Any CPU
		{659A865A-2F90-4CC8-9B30-347A7E66ECAF}.Release|Any CPU.Build.0 = Release|Any CPU
		{659A865A-2F90-4CC8-9B30-347A7E66ECAF}.Release|ARM.ActiveCfg = Release|Any CPU
		{659A865A-2F90-4CC8-9B30-347A7E66ECAF}.Release|ARM.Build.0 = Release|Any CPU
		{659A865A-2F90-4CC8-9B30-347A7E66ECAF}.Release|iPhone.ActiveCfg = Release|Any CPU
		{659A865A-2F90-4CC8-9B30-347A7E66ECAF}.Release|iPhone.Build.0 = Release|Any CPU
		{659A865A-2F90-4CC8-9B30-347A7E66ECAF}.Release|iPhoneSimulator.ActiveCfg = Release|Any CPU
		{659A865A-2F90-4CC8-9B30-347A7E66ECAF}.Release|iPhoneSimulator.Build.0 = Release|Any CPU
		{659A865A-2F90-4CC8-9B30-347A7E66ECAF}.Release|x64.ActiveCfg = Release|Any CPU
		{659A865A-2F90-4CC8-9B30-347A7E66ECAF}.Release|x64.Build.0 = Release|Any CPU
		{659A865A-2F90-4CC8-9B30-347A7E66ECAF}.Release|x86.ActiveCfg = Release|Any CPU
		{659A865A-2F90-4CC8-9B30-347A7E66ECAF}.Release|x86.Build.0 = Release|Any CPU
		{659A865A-2F90-4CC8-9B30-347A7E66ECAF}.Test|Any CPU.ActiveCfg = Debug|Any CPU
		{659A865A-2F90-4CC8-9B30-347A7E66ECAF}.Test|Any CPU.Build.0 = Debug|Any CPU
		{659A865A-2F90-4CC8-9B30-347A7E66ECAF}.Test|ARM.ActiveCfg = Debug|Any CPU
		{659A865A-2F90-4CC8-9B30-347A7E66ECAF}.Test|ARM.Build.0 = Debug|Any CPU
		{659A865A-2F90-4CC8-9B30-347A7E66ECAF}.Test|iPhone.ActiveCfg = Debug|Any CPU
		{659A865A-2F90-4CC8-9B30-347A7E66ECAF}.Test|iPhone.Build.0 = Debug|Any CPU
		{659A865A-2F90-4CC8-9B30-347A7E66ECAF}.Test|iPhoneSimulator.ActiveCfg = Debug|Any CPU
		{659A865A-2F90-4CC8-9B30-347A7E66ECAF}.Test|iPhoneSimulator.Build.0 = Debug|Any CPU
		{659A865A-2F90-4CC8-9B30-347A7E66ECAF}.Test|x64.ActiveCfg = Debug|Any CPU
		{659A865A-2F90-4CC8-9B30-347A7E66ECAF}.Test|x64.Build.0 = Debug|Any CPU
		{659A865A-2F90-4CC8-9B30-347A7E66ECAF}.Test|x86.ActiveCfg = Debug|Any CPU
		{659A865A-2F90-4CC8-9B30-347A7E66ECAF}.Test|x86.Build.0 = Debug|Any CPU
		{6A778528-14D9-4270-96E2-66E7B1077806}.Ad-Hoc|Any CPU.ActiveCfg = Release|Any CPU
		{6A778528-14D9-4270-96E2-66E7B1077806}.Ad-Hoc|Any CPU.Build.0 = Release|Any CPU
		{6A778528-14D9-4270-96E2-66E7B1077806}.Ad-Hoc|ARM.ActiveCfg = Release|Any CPU
		{6A778528-14D9-4270-96E2-66E7B1077806}.Ad-Hoc|ARM.Build.0 = Release|Any CPU
		{6A778528-14D9-4270-96E2-66E7B1077806}.Ad-Hoc|iPhone.ActiveCfg = Release|Any CPU
		{6A778528-14D9-4270-96E2-66E7B1077806}.Ad-Hoc|iPhone.Build.0 = Release|Any CPU
		{6A778528-14D9-4270-96E2-66E7B1077806}.Ad-Hoc|iPhoneSimulator.ActiveCfg = Release|Any CPU
		{6A778528-14D9-4270-96E2-66E7B1077806}.Ad-Hoc|iPhoneSimulator.Build.0 = Release|Any CPU
		{6A778528-14D9-4270-96E2-66E7B1077806}.Ad-Hoc|x64.ActiveCfg = Release|Any CPU
		{6A778528-14D9-4270-96E2-66E7B1077806}.Ad-Hoc|x64.Build.0 = Release|Any CPU
		{6A778528-14D9-4270-96E2-66E7B1077806}.Ad-Hoc|x86.ActiveCfg = Release|Any CPU
		{6A778528-14D9-4270-96E2-66E7B1077806}.Ad-Hoc|x86.Build.0 = Release|Any CPU
		{6A778528-14D9-4270-96E2-66E7B1077806}.AppStore|Any CPU.ActiveCfg = Release|Any CPU
		{6A778528-14D9-4270-96E2-66E7B1077806}.AppStore|Any CPU.Build.0 = Release|Any CPU
		{6A778528-14D9-4270-96E2-66E7B1077806}.AppStore|ARM.ActiveCfg = Release|Any CPU
		{6A778528-14D9-4270-96E2-66E7B1077806}.AppStore|ARM.Build.0 = Release|Any CPU
		{6A778528-14D9-4270-96E2-66E7B1077806}.AppStore|iPhone.ActiveCfg = Release|Any CPU
		{6A778528-14D9-4270-96E2-66E7B1077806}.AppStore|iPhone.Build.0 = Release|Any CPU
		{6A778528-14D9-4270-96E2-66E7B1077806}.AppStore|iPhoneSimulator.ActiveCfg = Release|Any CPU
		{6A778528-14D9-4270-96E2-66E7B1077806}.AppStore|iPhoneSimulator.Build.0 = Release|Any CPU
		{6A778528-14D9-4270-96E2-66E7B1077806}.AppStore|x64.ActiveCfg = Release|Any CPU
		{6A778528-14D9-4270-96E2-66E7B1077806}.AppStore|x64.Build.0 = Release|Any CPU
		{6A778528-14D9-4270-96E2-66E7B1077806}.AppStore|x86.ActiveCfg = Release|Any CPU
		{6A778528-14D9-4270-96E2-66E7B1077806}.AppStore|x86.Build.0 = Release|Any CPU
		{6A778528-14D9-4270-96E2-66E7B1077806}.Debug|Any CPU.ActiveCfg = Debug|Any CPU
		{6A778528-14D9-4270-96E2-66E7B1077806}.Debug|Any CPU.Build.0 = Debug|Any CPU
		{6A778528-14D9-4270-96E2-66E7B1077806}.Debug|ARM.ActiveCfg = Debug|Any CPU
		{6A778528-14D9-4270-96E2-66E7B1077806}.Debug|ARM.Build.0 = Debug|Any CPU
		{6A778528-14D9-4270-96E2-66E7B1077806}.Debug|iPhone.ActiveCfg = Debug|Any CPU
		{6A778528-14D9-4270-96E2-66E7B1077806}.Debug|iPhone.Build.0 = Debug|Any CPU
		{6A778528-14D9-4270-96E2-66E7B1077806}.Debug|iPhoneSimulator.ActiveCfg = Debug|Any CPU
		{6A778528-14D9-4270-96E2-66E7B1077806}.Debug|iPhoneSimulator.Build.0 = Debug|Any CPU
		{6A778528-14D9-4270-96E2-66E7B1077806}.Debug|x64.ActiveCfg = Debug|Any CPU
		{6A778528-14D9-4270-96E2-66E7B1077806}.Debug|x64.Build.0 = Debug|Any CPU
		{6A778528-14D9-4270-96E2-66E7B1077806}.Debug|x86.ActiveCfg = Debug|Any CPU
		{6A778528-14D9-4270-96E2-66E7B1077806}.Debug|x86.Build.0 = Debug|Any CPU
		{6A778528-14D9-4270-96E2-66E7B1077806}.Release|Any CPU.ActiveCfg = Release|Any CPU
		{6A778528-14D9-4270-96E2-66E7B1077806}.Release|Any CPU.Build.0 = Release|Any CPU
		{6A778528-14D9-4270-96E2-66E7B1077806}.Release|ARM.ActiveCfg = Release|Any CPU
		{6A778528-14D9-4270-96E2-66E7B1077806}.Release|ARM.Build.0 = Release|Any CPU
		{6A778528-14D9-4270-96E2-66E7B1077806}.Release|iPhone.ActiveCfg = Release|Any CPU
		{6A778528-14D9-4270-96E2-66E7B1077806}.Release|iPhone.Build.0 = Release|Any CPU
		{6A778528-14D9-4270-96E2-66E7B1077806}.Release|iPhoneSimulator.ActiveCfg = Release|Any CPU
		{6A778528-14D9-4270-96E2-66E7B1077806}.Release|iPhoneSimulator.Build.0 = Release|Any CPU
		{6A778528-14D9-4270-96E2-66E7B1077806}.Release|x64.ActiveCfg = Release|Any CPU
		{6A778528-14D9-4270-96E2-66E7B1077806}.Release|x64.Build.0 = Release|Any CPU
		{6A778528-14D9-4270-96E2-66E7B1077806}.Release|x86.ActiveCfg = Release|Any CPU
		{6A778528-14D9-4270-96E2-66E7B1077806}.Release|x86.Build.0 = Release|Any CPU
		{6A778528-14D9-4270-96E2-66E7B1077806}.Test|Any CPU.ActiveCfg = Debug|Any CPU
		{6A778528-14D9-4270-96E2-66E7B1077806}.Test|ARM.ActiveCfg = Debug|Any CPU
		{6A778528-14D9-4270-96E2-66E7B1077806}.Test|ARM.Build.0 = Debug|Any CPU
		{6A778528-14D9-4270-96E2-66E7B1077806}.Test|iPhone.ActiveCfg = Debug|Any CPU
		{6A778528-14D9-4270-96E2-66E7B1077806}.Test|iPhone.Build.0 = Debug|Any CPU
		{6A778528-14D9-4270-96E2-66E7B1077806}.Test|iPhoneSimulator.ActiveCfg = Debug|Any CPU
		{6A778528-14D9-4270-96E2-66E7B1077806}.Test|iPhoneSimulator.Build.0 = Debug|Any CPU
		{6A778528-14D9-4270-96E2-66E7B1077806}.Test|x64.ActiveCfg = Debug|Any CPU
		{6A778528-14D9-4270-96E2-66E7B1077806}.Test|x64.Build.0 = Debug|Any CPU
		{6A778528-14D9-4270-96E2-66E7B1077806}.Test|x86.ActiveCfg = Debug|Any CPU
		{6A778528-14D9-4270-96E2-66E7B1077806}.Test|x86.Build.0 = Debug|Any CPU
		{77955AB1-40EA-4634-A047-0BDF3C480F33}.Ad-Hoc|Any CPU.ActiveCfg = Release|Any CPU
		{77955AB1-40EA-4634-A047-0BDF3C480F33}.Ad-Hoc|Any CPU.Build.0 = Release|Any CPU
		{77955AB1-40EA-4634-A047-0BDF3C480F33}.Ad-Hoc|ARM.ActiveCfg = Release|Any CPU
		{77955AB1-40EA-4634-A047-0BDF3C480F33}.Ad-Hoc|ARM.Build.0 = Release|Any CPU
		{77955AB1-40EA-4634-A047-0BDF3C480F33}.Ad-Hoc|iPhone.ActiveCfg = Release|Any CPU
		{77955AB1-40EA-4634-A047-0BDF3C480F33}.Ad-Hoc|iPhone.Build.0 = Release|Any CPU
		{77955AB1-40EA-4634-A047-0BDF3C480F33}.Ad-Hoc|iPhoneSimulator.ActiveCfg = Release|Any CPU
		{77955AB1-40EA-4634-A047-0BDF3C480F33}.Ad-Hoc|iPhoneSimulator.Build.0 = Release|Any CPU
		{77955AB1-40EA-4634-A047-0BDF3C480F33}.Ad-Hoc|x64.ActiveCfg = Release|Any CPU
		{77955AB1-40EA-4634-A047-0BDF3C480F33}.Ad-Hoc|x64.Build.0 = Release|Any CPU
		{77955AB1-40EA-4634-A047-0BDF3C480F33}.Ad-Hoc|x86.ActiveCfg = Release|Any CPU
		{77955AB1-40EA-4634-A047-0BDF3C480F33}.Ad-Hoc|x86.Build.0 = Release|Any CPU
		{77955AB1-40EA-4634-A047-0BDF3C480F33}.AppStore|Any CPU.ActiveCfg = Release|Any CPU
		{77955AB1-40EA-4634-A047-0BDF3C480F33}.AppStore|Any CPU.Build.0 = Release|Any CPU
		{77955AB1-40EA-4634-A047-0BDF3C480F33}.AppStore|ARM.ActiveCfg = Release|Any CPU
		{77955AB1-40EA-4634-A047-0BDF3C480F33}.AppStore|ARM.Build.0 = Release|Any CPU
		{77955AB1-40EA-4634-A047-0BDF3C480F33}.AppStore|iPhone.ActiveCfg = Release|Any CPU
		{77955AB1-40EA-4634-A047-0BDF3C480F33}.AppStore|iPhone.Build.0 = Release|Any CPU
		{77955AB1-40EA-4634-A047-0BDF3C480F33}.AppStore|iPhoneSimulator.ActiveCfg = Release|Any CPU
		{77955AB1-40EA-4634-A047-0BDF3C480F33}.AppStore|iPhoneSimulator.Build.0 = Release|Any CPU
		{77955AB1-40EA-4634-A047-0BDF3C480F33}.AppStore|x64.ActiveCfg = Release|Any CPU
		{77955AB1-40EA-4634-A047-0BDF3C480F33}.AppStore|x64.Build.0 = Release|Any CPU
		{77955AB1-40EA-4634-A047-0BDF3C480F33}.AppStore|x86.ActiveCfg = Release|Any CPU
		{77955AB1-40EA-4634-A047-0BDF3C480F33}.AppStore|x86.Build.0 = Release|Any CPU
		{77955AB1-40EA-4634-A047-0BDF3C480F33}.Debug|Any CPU.ActiveCfg = Debug|Any CPU
		{77955AB1-40EA-4634-A047-0BDF3C480F33}.Debug|ARM.ActiveCfg = Debug|Any CPU
		{77955AB1-40EA-4634-A047-0BDF3C480F33}.Debug|ARM.Build.0 = Debug|Any CPU
		{77955AB1-40EA-4634-A047-0BDF3C480F33}.Debug|iPhone.ActiveCfg = Debug|Any CPU
		{77955AB1-40EA-4634-A047-0BDF3C480F33}.Debug|iPhone.Build.0 = Debug|Any CPU
		{77955AB1-40EA-4634-A047-0BDF3C480F33}.Debug|iPhoneSimulator.ActiveCfg = Debug|Any CPU
		{77955AB1-40EA-4634-A047-0BDF3C480F33}.Debug|iPhoneSimulator.Build.0 = Debug|Any CPU
		{77955AB1-40EA-4634-A047-0BDF3C480F33}.Debug|x64.ActiveCfg = Debug|Any CPU
		{77955AB1-40EA-4634-A047-0BDF3C480F33}.Debug|x64.Build.0 = Debug|Any CPU
		{77955AB1-40EA-4634-A047-0BDF3C480F33}.Debug|x86.ActiveCfg = Debug|Any CPU
		{77955AB1-40EA-4634-A047-0BDF3C480F33}.Debug|x86.Build.0 = Debug|Any CPU
		{77955AB1-40EA-4634-A047-0BDF3C480F33}.Release|Any CPU.ActiveCfg = Release|Any CPU
		{77955AB1-40EA-4634-A047-0BDF3C480F33}.Release|Any CPU.Build.0 = Release|Any CPU
		{77955AB1-40EA-4634-A047-0BDF3C480F33}.Release|ARM.ActiveCfg = Release|Any CPU
		{77955AB1-40EA-4634-A047-0BDF3C480F33}.Release|ARM.Build.0 = Release|Any CPU
		{77955AB1-40EA-4634-A047-0BDF3C480F33}.Release|iPhone.ActiveCfg = Release|Any CPU
		{77955AB1-40EA-4634-A047-0BDF3C480F33}.Release|iPhone.Build.0 = Release|Any CPU
		{77955AB1-40EA-4634-A047-0BDF3C480F33}.Release|iPhoneSimulator.ActiveCfg = Release|Any CPU
		{77955AB1-40EA-4634-A047-0BDF3C480F33}.Release|iPhoneSimulator.Build.0 = Release|Any CPU
		{77955AB1-40EA-4634-A047-0BDF3C480F33}.Release|x64.ActiveCfg = Release|Any CPU
		{77955AB1-40EA-4634-A047-0BDF3C480F33}.Release|x64.Build.0 = Release|Any CPU
		{77955AB1-40EA-4634-A047-0BDF3C480F33}.Release|x86.ActiveCfg = Release|Any CPU
		{77955AB1-40EA-4634-A047-0BDF3C480F33}.Release|x86.Build.0 = Release|Any CPU
		{77955AB1-40EA-4634-A047-0BDF3C480F33}.Test|Any CPU.ActiveCfg = Debug|Any CPU
		{77955AB1-40EA-4634-A047-0BDF3C480F33}.Test|ARM.ActiveCfg = Debug|Any CPU
		{77955AB1-40EA-4634-A047-0BDF3C480F33}.Test|ARM.Build.0 = Debug|Any CPU
		{77955AB1-40EA-4634-A047-0BDF3C480F33}.Test|iPhone.ActiveCfg = Debug|Any CPU
		{77955AB1-40EA-4634-A047-0BDF3C480F33}.Test|iPhone.Build.0 = Debug|Any CPU
		{77955AB1-40EA-4634-A047-0BDF3C480F33}.Test|iPhoneSimulator.ActiveCfg = Debug|Any CPU
		{77955AB1-40EA-4634-A047-0BDF3C480F33}.Test|iPhoneSimulator.Build.0 = Debug|Any CPU
		{77955AB1-40EA-4634-A047-0BDF3C480F33}.Test|x64.ActiveCfg = Debug|Any CPU
		{77955AB1-40EA-4634-A047-0BDF3C480F33}.Test|x64.Build.0 = Debug|Any CPU
		{77955AB1-40EA-4634-A047-0BDF3C480F33}.Test|x86.ActiveCfg = Debug|Any CPU
		{77955AB1-40EA-4634-A047-0BDF3C480F33}.Test|x86.Build.0 = Debug|Any CPU
		{818E536A-FE40-4EA9-99B6-BEAA3A70AB66}.Ad-Hoc|Any CPU.ActiveCfg = Release|Any CPU
		{818E536A-FE40-4EA9-99B6-BEAA3A70AB66}.Ad-Hoc|Any CPU.Build.0 = Release|Any CPU
		{818E536A-FE40-4EA9-99B6-BEAA3A70AB66}.Ad-Hoc|ARM.ActiveCfg = Release|ARM
		{818E536A-FE40-4EA9-99B6-BEAA3A70AB66}.Ad-Hoc|ARM.Build.0 = Release|ARM
		{818E536A-FE40-4EA9-99B6-BEAA3A70AB66}.Ad-Hoc|iPhone.ActiveCfg = Release|Any CPU
		{818E536A-FE40-4EA9-99B6-BEAA3A70AB66}.Ad-Hoc|iPhone.Build.0 = Release|Any CPU
		{818E536A-FE40-4EA9-99B6-BEAA3A70AB66}.Ad-Hoc|iPhoneSimulator.ActiveCfg = Release|Any CPU
		{818E536A-FE40-4EA9-99B6-BEAA3A70AB66}.Ad-Hoc|iPhoneSimulator.Build.0 = Release|Any CPU
		{818E536A-FE40-4EA9-99B6-BEAA3A70AB66}.Ad-Hoc|x64.ActiveCfg = Release|x64
		{818E536A-FE40-4EA9-99B6-BEAA3A70AB66}.Ad-Hoc|x64.Build.0 = Release|x64
		{818E536A-FE40-4EA9-99B6-BEAA3A70AB66}.Ad-Hoc|x86.ActiveCfg = Release|x86
		{818E536A-FE40-4EA9-99B6-BEAA3A70AB66}.Ad-Hoc|x86.Build.0 = Release|x86
		{818E536A-FE40-4EA9-99B6-BEAA3A70AB66}.AppStore|Any CPU.ActiveCfg = Release|Any CPU
		{818E536A-FE40-4EA9-99B6-BEAA3A70AB66}.AppStore|Any CPU.Build.0 = Release|Any CPU
		{818E536A-FE40-4EA9-99B6-BEAA3A70AB66}.AppStore|ARM.ActiveCfg = Release|ARM
		{818E536A-FE40-4EA9-99B6-BEAA3A70AB66}.AppStore|ARM.Build.0 = Release|ARM
		{818E536A-FE40-4EA9-99B6-BEAA3A70AB66}.AppStore|iPhone.ActiveCfg = Release|Any CPU
		{818E536A-FE40-4EA9-99B6-BEAA3A70AB66}.AppStore|iPhone.Build.0 = Release|Any CPU
		{818E536A-FE40-4EA9-99B6-BEAA3A70AB66}.AppStore|iPhoneSimulator.ActiveCfg = Release|Any CPU
		{818E536A-FE40-4EA9-99B6-BEAA3A70AB66}.AppStore|iPhoneSimulator.Build.0 = Release|Any CPU
		{818E536A-FE40-4EA9-99B6-BEAA3A70AB66}.AppStore|x64.ActiveCfg = Release|x64
		{818E536A-FE40-4EA9-99B6-BEAA3A70AB66}.AppStore|x64.Build.0 = Release|x64
		{818E536A-FE40-4EA9-99B6-BEAA3A70AB66}.AppStore|x86.ActiveCfg = Release|x86
		{818E536A-FE40-4EA9-99B6-BEAA3A70AB66}.AppStore|x86.Build.0 = Release|x86
		{818E536A-FE40-4EA9-99B6-BEAA3A70AB66}.Debug|Any CPU.ActiveCfg = Debug|Any CPU
		{818E536A-FE40-4EA9-99B6-BEAA3A70AB66}.Debug|ARM.ActiveCfg = Debug|ARM
		{818E536A-FE40-4EA9-99B6-BEAA3A70AB66}.Debug|ARM.Build.0 = Debug|ARM
		{818E536A-FE40-4EA9-99B6-BEAA3A70AB66}.Debug|iPhone.ActiveCfg = Debug|Any CPU
		{818E536A-FE40-4EA9-99B6-BEAA3A70AB66}.Debug|iPhone.Build.0 = Debug|Any CPU
		{818E536A-FE40-4EA9-99B6-BEAA3A70AB66}.Debug|iPhoneSimulator.ActiveCfg = Debug|Any CPU
		{818E536A-FE40-4EA9-99B6-BEAA3A70AB66}.Debug|iPhoneSimulator.Build.0 = Debug|Any CPU
		{818E536A-FE40-4EA9-99B6-BEAA3A70AB66}.Debug|x64.ActiveCfg = Debug|x64
		{818E536A-FE40-4EA9-99B6-BEAA3A70AB66}.Debug|x64.Build.0 = Debug|x64
		{818E536A-FE40-4EA9-99B6-BEAA3A70AB66}.Debug|x86.ActiveCfg = Debug|x86
		{818E536A-FE40-4EA9-99B6-BEAA3A70AB66}.Debug|x86.Build.0 = Debug|x86
		{818E536A-FE40-4EA9-99B6-BEAA3A70AB66}.Release|Any CPU.ActiveCfg = Release|Any CPU
		{818E536A-FE40-4EA9-99B6-BEAA3A70AB66}.Release|Any CPU.Build.0 = Release|Any CPU
		{818E536A-FE40-4EA9-99B6-BEAA3A70AB66}.Release|ARM.ActiveCfg = Release|ARM
		{818E536A-FE40-4EA9-99B6-BEAA3A70AB66}.Release|ARM.Build.0 = Release|ARM
		{818E536A-FE40-4EA9-99B6-BEAA3A70AB66}.Release|iPhone.ActiveCfg = Release|Any CPU
		{818E536A-FE40-4EA9-99B6-BEAA3A70AB66}.Release|iPhone.Build.0 = Release|Any CPU
		{818E536A-FE40-4EA9-99B6-BEAA3A70AB66}.Release|iPhoneSimulator.ActiveCfg = Release|Any CPU
		{818E536A-FE40-4EA9-99B6-BEAA3A70AB66}.Release|iPhoneSimulator.Build.0 = Release|Any CPU
		{818E536A-FE40-4EA9-99B6-BEAA3A70AB66}.Release|x64.ActiveCfg = Release|x64
		{818E536A-FE40-4EA9-99B6-BEAA3A70AB66}.Release|x64.Build.0 = Release|x64
		{818E536A-FE40-4EA9-99B6-BEAA3A70AB66}.Release|x86.ActiveCfg = Release|x86
		{818E536A-FE40-4EA9-99B6-BEAA3A70AB66}.Release|x86.Build.0 = Release|x86
		{818E536A-FE40-4EA9-99B6-BEAA3A70AB66}.Test|Any CPU.ActiveCfg = Debug|Any CPU
		{818E536A-FE40-4EA9-99B6-BEAA3A70AB66}.Test|ARM.ActiveCfg = Debug|ARM
		{818E536A-FE40-4EA9-99B6-BEAA3A70AB66}.Test|ARM.Build.0 = Debug|ARM
		{818E536A-FE40-4EA9-99B6-BEAA3A70AB66}.Test|iPhone.ActiveCfg = Debug|Any CPU
		{818E536A-FE40-4EA9-99B6-BEAA3A70AB66}.Test|iPhone.Build.0 = Debug|Any CPU
		{818E536A-FE40-4EA9-99B6-BEAA3A70AB66}.Test|iPhoneSimulator.ActiveCfg = Debug|Any CPU
		{818E536A-FE40-4EA9-99B6-BEAA3A70AB66}.Test|iPhoneSimulator.Build.0 = Debug|Any CPU
		{818E536A-FE40-4EA9-99B6-BEAA3A70AB66}.Test|x64.ActiveCfg = Debug|x64
		{818E536A-FE40-4EA9-99B6-BEAA3A70AB66}.Test|x64.Build.0 = Debug|x64
		{818E536A-FE40-4EA9-99B6-BEAA3A70AB66}.Test|x86.ActiveCfg = Debug|x86
		{818E536A-FE40-4EA9-99B6-BEAA3A70AB66}.Test|x86.Build.0 = Debug|x86
		{B068FB24-752A-4B5B-869E-8E018EDC9E30}.Ad-Hoc|Any CPU.ActiveCfg = Release|Any CPU
		{B068FB24-752A-4B5B-869E-8E018EDC9E30}.Ad-Hoc|Any CPU.Build.0 = Release|Any CPU
		{B068FB24-752A-4B5B-869E-8E018EDC9E30}.Ad-Hoc|ARM.ActiveCfg = Release|Any CPU
		{B068FB24-752A-4B5B-869E-8E018EDC9E30}.Ad-Hoc|ARM.Build.0 = Release|Any CPU
		{B068FB24-752A-4B5B-869E-8E018EDC9E30}.Ad-Hoc|iPhone.ActiveCfg = Release|Any CPU
		{B068FB24-752A-4B5B-869E-8E018EDC9E30}.Ad-Hoc|iPhone.Build.0 = Release|Any CPU
		{B068FB24-752A-4B5B-869E-8E018EDC9E30}.Ad-Hoc|iPhoneSimulator.ActiveCfg = Release|Any CPU
		{B068FB24-752A-4B5B-869E-8E018EDC9E30}.Ad-Hoc|iPhoneSimulator.Build.0 = Release|Any CPU
		{B068FB24-752A-4B5B-869E-8E018EDC9E30}.Ad-Hoc|x64.ActiveCfg = Release|Any CPU
		{B068FB24-752A-4B5B-869E-8E018EDC9E30}.Ad-Hoc|x64.Build.0 = Release|Any CPU
		{B068FB24-752A-4B5B-869E-8E018EDC9E30}.Ad-Hoc|x86.ActiveCfg = Release|Any CPU
		{B068FB24-752A-4B5B-869E-8E018EDC9E30}.Ad-Hoc|x86.Build.0 = Release|Any CPU
		{B068FB24-752A-4B5B-869E-8E018EDC9E30}.AppStore|Any CPU.ActiveCfg = Release|Any CPU
		{B068FB24-752A-4B5B-869E-8E018EDC9E30}.AppStore|Any CPU.Build.0 = Release|Any CPU
		{B068FB24-752A-4B5B-869E-8E018EDC9E30}.AppStore|ARM.ActiveCfg = Release|Any CPU
		{B068FB24-752A-4B5B-869E-8E018EDC9E30}.AppStore|ARM.Build.0 = Release|Any CPU
		{B068FB24-752A-4B5B-869E-8E018EDC9E30}.AppStore|iPhone.ActiveCfg = Release|Any CPU
		{B068FB24-752A-4B5B-869E-8E018EDC9E30}.AppStore|iPhone.Build.0 = Release|Any CPU
		{B068FB24-752A-4B5B-869E-8E018EDC9E30}.AppStore|iPhoneSimulator.ActiveCfg = Release|Any CPU
		{B068FB24-752A-4B5B-869E-8E018EDC9E30}.AppStore|iPhoneSimulator.Build.0 = Release|Any CPU
		{B068FB24-752A-4B5B-869E-8E018EDC9E30}.AppStore|x64.ActiveCfg = Release|Any CPU
		{B068FB24-752A-4B5B-869E-8E018EDC9E30}.AppStore|x64.Build.0 = Release|Any CPU
		{B068FB24-752A-4B5B-869E-8E018EDC9E30}.AppStore|x86.ActiveCfg = Release|Any CPU
		{B068FB24-752A-4B5B-869E-8E018EDC9E30}.AppStore|x86.Build.0 = Release|Any CPU
		{B068FB24-752A-4B5B-869E-8E018EDC9E30}.Debug|Any CPU.ActiveCfg = Debug|Any CPU
		{B068FB24-752A-4B5B-869E-8E018EDC9E30}.Debug|Any CPU.Build.0 = Debug|Any CPU
		{B068FB24-752A-4B5B-869E-8E018EDC9E30}.Debug|ARM.ActiveCfg = Debug|Any CPU
		{B068FB24-752A-4B5B-869E-8E018EDC9E30}.Debug|ARM.Build.0 = Debug|Any CPU
		{B068FB24-752A-4B5B-869E-8E018EDC9E30}.Debug|iPhone.ActiveCfg = Debug|Any CPU
		{B068FB24-752A-4B5B-869E-8E018EDC9E30}.Debug|iPhone.Build.0 = Debug|Any CPU
		{B068FB24-752A-4B5B-869E-8E018EDC9E30}.Debug|iPhoneSimulator.ActiveCfg = Debug|Any CPU
		{B068FB24-752A-4B5B-869E-8E018EDC9E30}.Debug|iPhoneSimulator.Build.0 = Debug|Any CPU
		{B068FB24-752A-4B5B-869E-8E018EDC9E30}.Debug|x64.ActiveCfg = Debug|Any CPU
		{B068FB24-752A-4B5B-869E-8E018EDC9E30}.Debug|x64.Build.0 = Debug|Any CPU
		{B068FB24-752A-4B5B-869E-8E018EDC9E30}.Debug|x86.ActiveCfg = Debug|Any CPU
		{B068FB24-752A-4B5B-869E-8E018EDC9E30}.Debug|x86.Build.0 = Debug|Any CPU
		{B068FB24-752A-4B5B-869E-8E018EDC9E30}.Release|Any CPU.ActiveCfg = Release|Any CPU
		{B068FB24-752A-4B5B-869E-8E018EDC9E30}.Release|Any CPU.Build.0 = Release|Any CPU
		{B068FB24-752A-4B5B-869E-8E018EDC9E30}.Release|ARM.ActiveCfg = Release|Any CPU
		{B068FB24-752A-4B5B-869E-8E018EDC9E30}.Release|ARM.Build.0 = Release|Any CPU
		{B068FB24-752A-4B5B-869E-8E018EDC9E30}.Release|iPhone.ActiveCfg = Release|Any CPU
		{B068FB24-752A-4B5B-869E-8E018EDC9E30}.Release|iPhone.Build.0 = Release|Any CPU
		{B068FB24-752A-4B5B-869E-8E018EDC9E30}.Release|iPhoneSimulator.ActiveCfg = Release|Any CPU
		{B068FB24-752A-4B5B-869E-8E018EDC9E30}.Release|iPhoneSimulator.Build.0 = Release|Any CPU
		{B068FB24-752A-4B5B-869E-8E018EDC9E30}.Release|x64.ActiveCfg = Release|Any CPU
		{B068FB24-752A-4B5B-869E-8E018EDC9E30}.Release|x64.Build.0 = Release|Any CPU
		{B068FB24-752A-4B5B-869E-8E018EDC9E30}.Release|x86.ActiveCfg = Release|Any CPU
		{B068FB24-752A-4B5B-869E-8E018EDC9E30}.Release|x86.Build.0 = Release|Any CPU
		{B068FB24-752A-4B5B-869E-8E018EDC9E30}.Test|Any CPU.ActiveCfg = Debug|Any CPU
		{B068FB24-752A-4B5B-869E-8E018EDC9E30}.Test|ARM.ActiveCfg = Debug|Any CPU
		{B068FB24-752A-4B5B-869E-8E018EDC9E30}.Test|ARM.Build.0 = Debug|Any CPU
		{B068FB24-752A-4B5B-869E-8E018EDC9E30}.Test|iPhone.ActiveCfg = Debug|Any CPU
		{B068FB24-752A-4B5B-869E-8E018EDC9E30}.Test|iPhone.Build.0 = Debug|Any CPU
		{B068FB24-752A-4B5B-869E-8E018EDC9E30}.Test|iPhoneSimulator.ActiveCfg = Debug|Any CPU
		{B068FB24-752A-4B5B-869E-8E018EDC9E30}.Test|iPhoneSimulator.Build.0 = Debug|Any CPU
		{B068FB24-752A-4B5B-869E-8E018EDC9E30}.Test|x64.ActiveCfg = Debug|Any CPU
		{B068FB24-752A-4B5B-869E-8E018EDC9E30}.Test|x64.Build.0 = Debug|Any CPU
		{B068FB24-752A-4B5B-869E-8E018EDC9E30}.Test|x86.ActiveCfg = Debug|Any CPU
		{B068FB24-752A-4B5B-869E-8E018EDC9E30}.Test|x86.Build.0 = Debug|Any CPU
		{45E30BCF-E18A-4578-97D2-C31EF4792019}.Ad-Hoc|Any CPU.ActiveCfg = Release|Any CPU
		{45E30BCF-E18A-4578-97D2-C31EF4792019}.Ad-Hoc|Any CPU.Build.0 = Release|Any CPU
		{45E30BCF-E18A-4578-97D2-C31EF4792019}.Ad-Hoc|Any CPU.Deploy.0 = Release|Any CPU
		{45E30BCF-E18A-4578-97D2-C31EF4792019}.Ad-Hoc|ARM.ActiveCfg = Release|Any CPU
		{45E30BCF-E18A-4578-97D2-C31EF4792019}.Ad-Hoc|ARM.Build.0 = Release|Any CPU
		{45E30BCF-E18A-4578-97D2-C31EF4792019}.Ad-Hoc|ARM.Deploy.0 = Release|Any CPU
		{45E30BCF-E18A-4578-97D2-C31EF4792019}.Ad-Hoc|iPhone.ActiveCfg = Release|Any CPU
		{45E30BCF-E18A-4578-97D2-C31EF4792019}.Ad-Hoc|iPhone.Build.0 = Release|Any CPU
		{45E30BCF-E18A-4578-97D2-C31EF4792019}.Ad-Hoc|iPhone.Deploy.0 = Release|Any CPU
		{45E30BCF-E18A-4578-97D2-C31EF4792019}.Ad-Hoc|iPhoneSimulator.ActiveCfg = Release|Any CPU
		{45E30BCF-E18A-4578-97D2-C31EF4792019}.Ad-Hoc|iPhoneSimulator.Build.0 = Release|Any CPU
		{45E30BCF-E18A-4578-97D2-C31EF4792019}.Ad-Hoc|iPhoneSimulator.Deploy.0 = Release|Any CPU
		{45E30BCF-E18A-4578-97D2-C31EF4792019}.Ad-Hoc|x64.ActiveCfg = Release|Any CPU
		{45E30BCF-E18A-4578-97D2-C31EF4792019}.Ad-Hoc|x64.Build.0 = Release|Any CPU
		{45E30BCF-E18A-4578-97D2-C31EF4792019}.Ad-Hoc|x64.Deploy.0 = Release|Any CPU
		{45E30BCF-E18A-4578-97D2-C31EF4792019}.Ad-Hoc|x86.ActiveCfg = Release|Any CPU
		{45E30BCF-E18A-4578-97D2-C31EF4792019}.Ad-Hoc|x86.Build.0 = Release|Any CPU
		{45E30BCF-E18A-4578-97D2-C31EF4792019}.Ad-Hoc|x86.Deploy.0 = Release|Any CPU
		{45E30BCF-E18A-4578-97D2-C31EF4792019}.AppStore|Any CPU.ActiveCfg = Release|Any CPU
		{45E30BCF-E18A-4578-97D2-C31EF4792019}.AppStore|Any CPU.Build.0 = Release|Any CPU
		{45E30BCF-E18A-4578-97D2-C31EF4792019}.AppStore|Any CPU.Deploy.0 = Release|Any CPU
		{45E30BCF-E18A-4578-97D2-C31EF4792019}.AppStore|ARM.ActiveCfg = Release|Any CPU
		{45E30BCF-E18A-4578-97D2-C31EF4792019}.AppStore|ARM.Build.0 = Release|Any CPU
		{45E30BCF-E18A-4578-97D2-C31EF4792019}.AppStore|ARM.Deploy.0 = Release|Any CPU
		{45E30BCF-E18A-4578-97D2-C31EF4792019}.AppStore|iPhone.ActiveCfg = Release|Any CPU
		{45E30BCF-E18A-4578-97D2-C31EF4792019}.AppStore|iPhone.Build.0 = Release|Any CPU
		{45E30BCF-E18A-4578-97D2-C31EF4792019}.AppStore|iPhone.Deploy.0 = Release|Any CPU
		{45E30BCF-E18A-4578-97D2-C31EF4792019}.AppStore|iPhoneSimulator.ActiveCfg = Release|Any CPU
		{45E30BCF-E18A-4578-97D2-C31EF4792019}.AppStore|iPhoneSimulator.Build.0 = Release|Any CPU
		{45E30BCF-E18A-4578-97D2-C31EF4792019}.AppStore|iPhoneSimulator.Deploy.0 = Release|Any CPU
		{45E30BCF-E18A-4578-97D2-C31EF4792019}.AppStore|x64.ActiveCfg = Release|Any CPU
		{45E30BCF-E18A-4578-97D2-C31EF4792019}.AppStore|x64.Build.0 = Release|Any CPU
		{45E30BCF-E18A-4578-97D2-C31EF4792019}.AppStore|x64.Deploy.0 = Release|Any CPU
		{45E30BCF-E18A-4578-97D2-C31EF4792019}.AppStore|x86.ActiveCfg = Release|Any CPU
		{45E30BCF-E18A-4578-97D2-C31EF4792019}.AppStore|x86.Build.0 = Release|Any CPU
		{45E30BCF-E18A-4578-97D2-C31EF4792019}.AppStore|x86.Deploy.0 = Release|Any CPU
		{45E30BCF-E18A-4578-97D2-C31EF4792019}.Debug|Any CPU.ActiveCfg = Debug|Any CPU
		{45E30BCF-E18A-4578-97D2-C31EF4792019}.Debug|Any CPU.Build.0 = Debug|Any CPU
		{45E30BCF-E18A-4578-97D2-C31EF4792019}.Debug|Any CPU.Deploy.0 = Debug|Any CPU
		{45E30BCF-E18A-4578-97D2-C31EF4792019}.Debug|ARM.ActiveCfg = Debug|Any CPU
		{45E30BCF-E18A-4578-97D2-C31EF4792019}.Debug|ARM.Build.0 = Debug|Any CPU
		{45E30BCF-E18A-4578-97D2-C31EF4792019}.Debug|ARM.Deploy.0 = Debug|Any CPU
		{45E30BCF-E18A-4578-97D2-C31EF4792019}.Debug|iPhone.ActiveCfg = Debug|Any CPU
		{45E30BCF-E18A-4578-97D2-C31EF4792019}.Debug|iPhone.Build.0 = Debug|Any CPU
		{45E30BCF-E18A-4578-97D2-C31EF4792019}.Debug|iPhone.Deploy.0 = Debug|Any CPU
		{45E30BCF-E18A-4578-97D2-C31EF4792019}.Debug|iPhoneSimulator.ActiveCfg = Debug|Any CPU
		{45E30BCF-E18A-4578-97D2-C31EF4792019}.Debug|iPhoneSimulator.Build.0 = Debug|Any CPU
		{45E30BCF-E18A-4578-97D2-C31EF4792019}.Debug|iPhoneSimulator.Deploy.0 = Debug|Any CPU
		{45E30BCF-E18A-4578-97D2-C31EF4792019}.Debug|x64.ActiveCfg = Debug|Any CPU
		{45E30BCF-E18A-4578-97D2-C31EF4792019}.Debug|x64.Build.0 = Debug|Any CPU
		{45E30BCF-E18A-4578-97D2-C31EF4792019}.Debug|x64.Deploy.0 = Debug|Any CPU
		{45E30BCF-E18A-4578-97D2-C31EF4792019}.Debug|x86.ActiveCfg = Debug|Any CPU
		{45E30BCF-E18A-4578-97D2-C31EF4792019}.Debug|x86.Build.0 = Debug|Any CPU
		{45E30BCF-E18A-4578-97D2-C31EF4792019}.Debug|x86.Deploy.0 = Debug|Any CPU
		{45E30BCF-E18A-4578-97D2-C31EF4792019}.Release|Any CPU.ActiveCfg = Release|Any CPU
		{45E30BCF-E18A-4578-97D2-C31EF4792019}.Release|Any CPU.Build.0 = Release|Any CPU
		{45E30BCF-E18A-4578-97D2-C31EF4792019}.Release|Any CPU.Deploy.0 = Release|Any CPU
		{45E30BCF-E18A-4578-97D2-C31EF4792019}.Release|ARM.ActiveCfg = Release|Any CPU
		{45E30BCF-E18A-4578-97D2-C31EF4792019}.Release|ARM.Build.0 = Release|Any CPU
		{45E30BCF-E18A-4578-97D2-C31EF4792019}.Release|ARM.Deploy.0 = Release|Any CPU
		{45E30BCF-E18A-4578-97D2-C31EF4792019}.Release|iPhone.ActiveCfg = Release|Any CPU
		{45E30BCF-E18A-4578-97D2-C31EF4792019}.Release|iPhone.Build.0 = Release|Any CPU
		{45E30BCF-E18A-4578-97D2-C31EF4792019}.Release|iPhone.Deploy.0 = Release|Any CPU
		{45E30BCF-E18A-4578-97D2-C31EF4792019}.Release|iPhoneSimulator.ActiveCfg = Release|Any CPU
		{45E30BCF-E18A-4578-97D2-C31EF4792019}.Release|iPhoneSimulator.Build.0 = Release|Any CPU
		{45E30BCF-E18A-4578-97D2-C31EF4792019}.Release|iPhoneSimulator.Deploy.0 = Release|Any CPU
		{45E30BCF-E18A-4578-97D2-C31EF4792019}.Release|x64.ActiveCfg = Release|Any CPU
		{45E30BCF-E18A-4578-97D2-C31EF4792019}.Release|x64.Build.0 = Release|Any CPU
		{45E30BCF-E18A-4578-97D2-C31EF4792019}.Release|x64.Deploy.0 = Release|Any CPU
		{45E30BCF-E18A-4578-97D2-C31EF4792019}.Release|x86.ActiveCfg = Release|Any CPU
		{45E30BCF-E18A-4578-97D2-C31EF4792019}.Release|x86.Build.0 = Release|Any CPU
		{45E30BCF-E18A-4578-97D2-C31EF4792019}.Release|x86.Deploy.0 = Release|Any CPU
		{45E30BCF-E18A-4578-97D2-C31EF4792019}.Test|Any CPU.ActiveCfg = Debug|Any CPU
		{45E30BCF-E18A-4578-97D2-C31EF4792019}.Test|ARM.ActiveCfg = Debug|Any CPU
		{45E30BCF-E18A-4578-97D2-C31EF4792019}.Test|ARM.Build.0 = Debug|Any CPU
		{45E30BCF-E18A-4578-97D2-C31EF4792019}.Test|ARM.Deploy.0 = Debug|Any CPU
		{45E30BCF-E18A-4578-97D2-C31EF4792019}.Test|iPhone.ActiveCfg = Debug|Any CPU
		{45E30BCF-E18A-4578-97D2-C31EF4792019}.Test|iPhone.Build.0 = Debug|Any CPU
		{45E30BCF-E18A-4578-97D2-C31EF4792019}.Test|iPhone.Deploy.0 = Debug|Any CPU
		{45E30BCF-E18A-4578-97D2-C31EF4792019}.Test|iPhoneSimulator.ActiveCfg = Debug|Any CPU
		{45E30BCF-E18A-4578-97D2-C31EF4792019}.Test|iPhoneSimulator.Build.0 = Debug|Any CPU
		{45E30BCF-E18A-4578-97D2-C31EF4792019}.Test|iPhoneSimulator.Deploy.0 = Debug|Any CPU
		{45E30BCF-E18A-4578-97D2-C31EF4792019}.Test|x64.ActiveCfg = Debug|Any CPU
		{45E30BCF-E18A-4578-97D2-C31EF4792019}.Test|x64.Build.0 = Debug|Any CPU
		{45E30BCF-E18A-4578-97D2-C31EF4792019}.Test|x64.Deploy.0 = Debug|Any CPU
		{45E30BCF-E18A-4578-97D2-C31EF4792019}.Test|x86.ActiveCfg = Debug|Any CPU
		{45E30BCF-E18A-4578-97D2-C31EF4792019}.Test|x86.Build.0 = Debug|Any CPU
		{45E30BCF-E18A-4578-97D2-C31EF4792019}.Test|x86.Deploy.0 = Debug|Any CPU
		{21954413-4CB1-442C-8276-48ED66ED3AB8}.Ad-Hoc|Any CPU.ActiveCfg = Ad-Hoc|iPhone
		{21954413-4CB1-442C-8276-48ED66ED3AB8}.Ad-Hoc|ARM.ActiveCfg = Ad-Hoc|iPhone
		{21954413-4CB1-442C-8276-48ED66ED3AB8}.Ad-Hoc|iPhone.ActiveCfg = Ad-Hoc|iPhone
		{21954413-4CB1-442C-8276-48ED66ED3AB8}.Ad-Hoc|iPhone.Build.0 = Ad-Hoc|iPhone
		{21954413-4CB1-442C-8276-48ED66ED3AB8}.Ad-Hoc|iPhoneSimulator.ActiveCfg = Ad-Hoc|iPhoneSimulator
		{21954413-4CB1-442C-8276-48ED66ED3AB8}.Ad-Hoc|iPhoneSimulator.Build.0 = Ad-Hoc|iPhoneSimulator
		{21954413-4CB1-442C-8276-48ED66ED3AB8}.Ad-Hoc|x64.ActiveCfg = Ad-Hoc|iPhone
		{21954413-4CB1-442C-8276-48ED66ED3AB8}.Ad-Hoc|x86.ActiveCfg = Ad-Hoc|iPhone
		{21954413-4CB1-442C-8276-48ED66ED3AB8}.AppStore|Any CPU.ActiveCfg = AppStore|iPhone
		{21954413-4CB1-442C-8276-48ED66ED3AB8}.AppStore|ARM.ActiveCfg = AppStore|iPhone
		{21954413-4CB1-442C-8276-48ED66ED3AB8}.AppStore|iPhone.ActiveCfg = AppStore|iPhone
		{21954413-4CB1-442C-8276-48ED66ED3AB8}.AppStore|iPhone.Build.0 = AppStore|iPhone
		{21954413-4CB1-442C-8276-48ED66ED3AB8}.AppStore|iPhoneSimulator.ActiveCfg = AppStore|iPhoneSimulator
		{21954413-4CB1-442C-8276-48ED66ED3AB8}.AppStore|iPhoneSimulator.Build.0 = AppStore|iPhoneSimulator
		{21954413-4CB1-442C-8276-48ED66ED3AB8}.AppStore|x64.ActiveCfg = AppStore|iPhone
		{21954413-4CB1-442C-8276-48ED66ED3AB8}.AppStore|x86.ActiveCfg = AppStore|iPhone
		{21954413-4CB1-442C-8276-48ED66ED3AB8}.Debug|Any CPU.ActiveCfg = Debug|iPhone
		{21954413-4CB1-442C-8276-48ED66ED3AB8}.Debug|ARM.ActiveCfg = Debug|iPhone
		{21954413-4CB1-442C-8276-48ED66ED3AB8}.Debug|iPhone.ActiveCfg = Debug|iPhone
		{21954413-4CB1-442C-8276-48ED66ED3AB8}.Debug|iPhone.Build.0 = Debug|iPhone
		{21954413-4CB1-442C-8276-48ED66ED3AB8}.Debug|iPhoneSimulator.ActiveCfg = Debug|iPhoneSimulator
		{21954413-4CB1-442C-8276-48ED66ED3AB8}.Debug|iPhoneSimulator.Build.0 = Debug|iPhoneSimulator
		{21954413-4CB1-442C-8276-48ED66ED3AB8}.Debug|x64.ActiveCfg = Debug|iPhone
		{21954413-4CB1-442C-8276-48ED66ED3AB8}.Debug|x86.ActiveCfg = Debug|iPhone
		{21954413-4CB1-442C-8276-48ED66ED3AB8}.Release|Any CPU.ActiveCfg = Release|iPhone
		{21954413-4CB1-442C-8276-48ED66ED3AB8}.Release|ARM.ActiveCfg = Release|iPhone
		{21954413-4CB1-442C-8276-48ED66ED3AB8}.Release|iPhone.ActiveCfg = Release|iPhone
		{21954413-4CB1-442C-8276-48ED66ED3AB8}.Release|iPhone.Build.0 = Release|iPhone
		{21954413-4CB1-442C-8276-48ED66ED3AB8}.Release|iPhoneSimulator.ActiveCfg = Release|iPhoneSimulator
		{21954413-4CB1-442C-8276-48ED66ED3AB8}.Release|iPhoneSimulator.Build.0 = Release|iPhoneSimulator
		{21954413-4CB1-442C-8276-48ED66ED3AB8}.Release|x64.ActiveCfg = Release|iPhone
		{21954413-4CB1-442C-8276-48ED66ED3AB8}.Release|x86.ActiveCfg = Release|iPhone
		{21954413-4CB1-442C-8276-48ED66ED3AB8}.Test|Any CPU.ActiveCfg = Debug|iPhone
		{21954413-4CB1-442C-8276-48ED66ED3AB8}.Test|ARM.ActiveCfg = Debug|iPhone
		{21954413-4CB1-442C-8276-48ED66ED3AB8}.Test|iPhone.ActiveCfg = Debug|iPhone
		{21954413-4CB1-442C-8276-48ED66ED3AB8}.Test|iPhone.Build.0 = Debug|iPhone
		{21954413-4CB1-442C-8276-48ED66ED3AB8}.Test|iPhoneSimulator.ActiveCfg = Debug|iPhoneSimulator
		{21954413-4CB1-442C-8276-48ED66ED3AB8}.Test|iPhoneSimulator.Build.0 = Debug|iPhoneSimulator
		{21954413-4CB1-442C-8276-48ED66ED3AB8}.Test|x64.ActiveCfg = Debug|iPhone
		{21954413-4CB1-442C-8276-48ED66ED3AB8}.Test|x86.ActiveCfg = Debug|iPhone
		{9D1CD6D5-39C4-46B6-AB63-42362BB4BE4B}.Ad-Hoc|Any CPU.ActiveCfg = Release|Any CPU
		{9D1CD6D5-39C4-46B6-AB63-42362BB4BE4B}.Ad-Hoc|Any CPU.Build.0 = Release|Any CPU
		{9D1CD6D5-39C4-46B6-AB63-42362BB4BE4B}.Ad-Hoc|ARM.ActiveCfg = Release|Any CPU
		{9D1CD6D5-39C4-46B6-AB63-42362BB4BE4B}.Ad-Hoc|ARM.Build.0 = Release|Any CPU
		{9D1CD6D5-39C4-46B6-AB63-42362BB4BE4B}.Ad-Hoc|iPhone.ActiveCfg = Release|Any CPU
		{9D1CD6D5-39C4-46B6-AB63-42362BB4BE4B}.Ad-Hoc|iPhone.Build.0 = Release|Any CPU
		{9D1CD6D5-39C4-46B6-AB63-42362BB4BE4B}.Ad-Hoc|iPhoneSimulator.ActiveCfg = Release|Any CPU
		{9D1CD6D5-39C4-46B6-AB63-42362BB4BE4B}.Ad-Hoc|iPhoneSimulator.Build.0 = Release|Any CPU
		{9D1CD6D5-39C4-46B6-AB63-42362BB4BE4B}.Ad-Hoc|x64.ActiveCfg = Release|Any CPU
		{9D1CD6D5-39C4-46B6-AB63-42362BB4BE4B}.Ad-Hoc|x64.Build.0 = Release|Any CPU
		{9D1CD6D5-39C4-46B6-AB63-42362BB4BE4B}.Ad-Hoc|x86.ActiveCfg = Release|Any CPU
		{9D1CD6D5-39C4-46B6-AB63-42362BB4BE4B}.Ad-Hoc|x86.Build.0 = Release|Any CPU
		{9D1CD6D5-39C4-46B6-AB63-42362BB4BE4B}.AppStore|Any CPU.ActiveCfg = Release|Any CPU
		{9D1CD6D5-39C4-46B6-AB63-42362BB4BE4B}.AppStore|Any CPU.Build.0 = Release|Any CPU
		{9D1CD6D5-39C4-46B6-AB63-42362BB4BE4B}.AppStore|ARM.ActiveCfg = Release|Any CPU
		{9D1CD6D5-39C4-46B6-AB63-42362BB4BE4B}.AppStore|ARM.Build.0 = Release|Any CPU
		{9D1CD6D5-39C4-46B6-AB63-42362BB4BE4B}.AppStore|iPhone.ActiveCfg = Release|Any CPU
		{9D1CD6D5-39C4-46B6-AB63-42362BB4BE4B}.AppStore|iPhone.Build.0 = Release|Any CPU
		{9D1CD6D5-39C4-46B6-AB63-42362BB4BE4B}.AppStore|iPhoneSimulator.ActiveCfg = Release|Any CPU
		{9D1CD6D5-39C4-46B6-AB63-42362BB4BE4B}.AppStore|iPhoneSimulator.Build.0 = Release|Any CPU
		{9D1CD6D5-39C4-46B6-AB63-42362BB4BE4B}.AppStore|x64.ActiveCfg = Release|Any CPU
		{9D1CD6D5-39C4-46B6-AB63-42362BB4BE4B}.AppStore|x64.Build.0 = Release|Any CPU
		{9D1CD6D5-39C4-46B6-AB63-42362BB4BE4B}.AppStore|x86.ActiveCfg = Release|Any CPU
		{9D1CD6D5-39C4-46B6-AB63-42362BB4BE4B}.AppStore|x86.Build.0 = Release|Any CPU
		{9D1CD6D5-39C4-46B6-AB63-42362BB4BE4B}.Debug|Any CPU.ActiveCfg = Debug|Any CPU
		{9D1CD6D5-39C4-46B6-AB63-42362BB4BE4B}.Debug|ARM.ActiveCfg = Debug|Any CPU
		{9D1CD6D5-39C4-46B6-AB63-42362BB4BE4B}.Debug|ARM.Build.0 = Debug|Any CPU
		{9D1CD6D5-39C4-46B6-AB63-42362BB4BE4B}.Debug|iPhone.ActiveCfg = Debug|Any CPU
		{9D1CD6D5-39C4-46B6-AB63-42362BB4BE4B}.Debug|iPhone.Build.0 = Debug|Any CPU
		{9D1CD6D5-39C4-46B6-AB63-42362BB4BE4B}.Debug|iPhoneSimulator.ActiveCfg = Debug|Any CPU
		{9D1CD6D5-39C4-46B6-AB63-42362BB4BE4B}.Debug|iPhoneSimulator.Build.0 = Debug|Any CPU
		{9D1CD6D5-39C4-46B6-AB63-42362BB4BE4B}.Debug|x64.ActiveCfg = Debug|Any CPU
		{9D1CD6D5-39C4-46B6-AB63-42362BB4BE4B}.Debug|x64.Build.0 = Debug|Any CPU
		{9D1CD6D5-39C4-46B6-AB63-42362BB4BE4B}.Debug|x86.ActiveCfg = Debug|Any CPU
		{9D1CD6D5-39C4-46B6-AB63-42362BB4BE4B}.Debug|x86.Build.0 = Debug|Any CPU
		{9D1CD6D5-39C4-46B6-AB63-42362BB4BE4B}.Release|Any CPU.ActiveCfg = Release|Any CPU
		{9D1CD6D5-39C4-46B6-AB63-42362BB4BE4B}.Release|Any CPU.Build.0 = Release|Any CPU
		{9D1CD6D5-39C4-46B6-AB63-42362BB4BE4B}.Release|ARM.ActiveCfg = Release|Any CPU
		{9D1CD6D5-39C4-46B6-AB63-42362BB4BE4B}.Release|ARM.Build.0 = Release|Any CPU
		{9D1CD6D5-39C4-46B6-AB63-42362BB4BE4B}.Release|iPhone.ActiveCfg = Release|Any CPU
		{9D1CD6D5-39C4-46B6-AB63-42362BB4BE4B}.Release|iPhone.Build.0 = Release|Any CPU
		{9D1CD6D5-39C4-46B6-AB63-42362BB4BE4B}.Release|iPhoneSimulator.ActiveCfg = Release|Any CPU
		{9D1CD6D5-39C4-46B6-AB63-42362BB4BE4B}.Release|iPhoneSimulator.Build.0 = Release|Any CPU
		{9D1CD6D5-39C4-46B6-AB63-42362BB4BE4B}.Release|x64.ActiveCfg = Release|Any CPU
		{9D1CD6D5-39C4-46B6-AB63-42362BB4BE4B}.Release|x64.Build.0 = Release|Any CPU
		{9D1CD6D5-39C4-46B6-AB63-42362BB4BE4B}.Release|x86.ActiveCfg = Release|Any CPU
		{9D1CD6D5-39C4-46B6-AB63-42362BB4BE4B}.Release|x86.Build.0 = Release|Any CPU
		{9D1CD6D5-39C4-46B6-AB63-42362BB4BE4B}.Test|Any CPU.ActiveCfg = Debug|Any CPU
		{9D1CD6D5-39C4-46B6-AB63-42362BB4BE4B}.Test|Any CPU.Build.0 = Debug|Any CPU
		{9D1CD6D5-39C4-46B6-AB63-42362BB4BE4B}.Test|ARM.ActiveCfg = Debug|Any CPU
		{9D1CD6D5-39C4-46B6-AB63-42362BB4BE4B}.Test|ARM.Build.0 = Debug|Any CPU
		{9D1CD6D5-39C4-46B6-AB63-42362BB4BE4B}.Test|iPhone.ActiveCfg = Debug|Any CPU
		{9D1CD6D5-39C4-46B6-AB63-42362BB4BE4B}.Test|iPhone.Build.0 = Debug|Any CPU
		{9D1CD6D5-39C4-46B6-AB63-42362BB4BE4B}.Test|iPhoneSimulator.ActiveCfg = Debug|Any CPU
		{9D1CD6D5-39C4-46B6-AB63-42362BB4BE4B}.Test|iPhoneSimulator.Build.0 = Debug|Any CPU
		{9D1CD6D5-39C4-46B6-AB63-42362BB4BE4B}.Test|x64.ActiveCfg = Debug|Any CPU
		{9D1CD6D5-39C4-46B6-AB63-42362BB4BE4B}.Test|x64.Build.0 = Debug|Any CPU
		{9D1CD6D5-39C4-46B6-AB63-42362BB4BE4B}.Test|x86.ActiveCfg = Debug|Any CPU
		{9D1CD6D5-39C4-46B6-AB63-42362BB4BE4B}.Test|x86.Build.0 = Debug|Any CPU
		{037B9BF9-DC3B-4053-838B-B26BC3BE1759}.Ad-Hoc|Any CPU.ActiveCfg = Release|Any CPU
		{037B9BF9-DC3B-4053-838B-B26BC3BE1759}.Ad-Hoc|Any CPU.Build.0 = Release|Any CPU
		{037B9BF9-DC3B-4053-838B-B26BC3BE1759}.Ad-Hoc|ARM.ActiveCfg = Release|Any CPU
		{037B9BF9-DC3B-4053-838B-B26BC3BE1759}.Ad-Hoc|ARM.Build.0 = Release|Any CPU
		{037B9BF9-DC3B-4053-838B-B26BC3BE1759}.Ad-Hoc|iPhone.ActiveCfg = Release|Any CPU
		{037B9BF9-DC3B-4053-838B-B26BC3BE1759}.Ad-Hoc|iPhone.Build.0 = Release|Any CPU
		{037B9BF9-DC3B-4053-838B-B26BC3BE1759}.Ad-Hoc|iPhoneSimulator.ActiveCfg = Release|Any CPU
		{037B9BF9-DC3B-4053-838B-B26BC3BE1759}.Ad-Hoc|iPhoneSimulator.Build.0 = Release|Any CPU
		{037B9BF9-DC3B-4053-838B-B26BC3BE1759}.Ad-Hoc|x64.ActiveCfg = Release|Any CPU
		{037B9BF9-DC3B-4053-838B-B26BC3BE1759}.Ad-Hoc|x64.Build.0 = Release|Any CPU
		{037B9BF9-DC3B-4053-838B-B26BC3BE1759}.Ad-Hoc|x86.ActiveCfg = Release|Any CPU
		{037B9BF9-DC3B-4053-838B-B26BC3BE1759}.Ad-Hoc|x86.Build.0 = Release|Any CPU
		{037B9BF9-DC3B-4053-838B-B26BC3BE1759}.AppStore|Any CPU.ActiveCfg = Release|Any CPU
		{037B9BF9-DC3B-4053-838B-B26BC3BE1759}.AppStore|Any CPU.Build.0 = Release|Any CPU
		{037B9BF9-DC3B-4053-838B-B26BC3BE1759}.AppStore|ARM.ActiveCfg = Release|Any CPU
		{037B9BF9-DC3B-4053-838B-B26BC3BE1759}.AppStore|ARM.Build.0 = Release|Any CPU
		{037B9BF9-DC3B-4053-838B-B26BC3BE1759}.AppStore|iPhone.ActiveCfg = Release|Any CPU
		{037B9BF9-DC3B-4053-838B-B26BC3BE1759}.AppStore|iPhone.Build.0 = Release|Any CPU
		{037B9BF9-DC3B-4053-838B-B26BC3BE1759}.AppStore|iPhoneSimulator.ActiveCfg = Release|Any CPU
		{037B9BF9-DC3B-4053-838B-B26BC3BE1759}.AppStore|iPhoneSimulator.Build.0 = Release|Any CPU
		{037B9BF9-DC3B-4053-838B-B26BC3BE1759}.AppStore|x64.ActiveCfg = Release|Any CPU
		{037B9BF9-DC3B-4053-838B-B26BC3BE1759}.AppStore|x64.Build.0 = Release|Any CPU
		{037B9BF9-DC3B-4053-838B-B26BC3BE1759}.AppStore|x86.ActiveCfg = Release|Any CPU
		{037B9BF9-DC3B-4053-838B-B26BC3BE1759}.AppStore|x86.Build.0 = Release|Any CPU
		{037B9BF9-DC3B-4053-838B-B26BC3BE1759}.Debug|Any CPU.ActiveCfg = Debug|Any CPU
		{037B9BF9-DC3B-4053-838B-B26BC3BE1759}.Debug|ARM.ActiveCfg = Debug|Any CPU
		{037B9BF9-DC3B-4053-838B-B26BC3BE1759}.Debug|ARM.Build.0 = Debug|Any CPU
		{037B9BF9-DC3B-4053-838B-B26BC3BE1759}.Debug|iPhone.ActiveCfg = Debug|Any CPU
		{037B9BF9-DC3B-4053-838B-B26BC3BE1759}.Debug|iPhone.Build.0 = Debug|Any CPU
		{037B9BF9-DC3B-4053-838B-B26BC3BE1759}.Debug|iPhoneSimulator.ActiveCfg = Debug|Any CPU
		{037B9BF9-DC3B-4053-838B-B26BC3BE1759}.Debug|iPhoneSimulator.Build.0 = Debug|Any CPU
		{037B9BF9-DC3B-4053-838B-B26BC3BE1759}.Debug|x64.ActiveCfg = Debug|Any CPU
		{037B9BF9-DC3B-4053-838B-B26BC3BE1759}.Debug|x64.Build.0 = Debug|Any CPU
		{037B9BF9-DC3B-4053-838B-B26BC3BE1759}.Debug|x86.ActiveCfg = Debug|Any CPU
		{037B9BF9-DC3B-4053-838B-B26BC3BE1759}.Debug|x86.Build.0 = Debug|Any CPU
		{037B9BF9-DC3B-4053-838B-B26BC3BE1759}.Release|Any CPU.ActiveCfg = Release|Any CPU
		{037B9BF9-DC3B-4053-838B-B26BC3BE1759}.Release|Any CPU.Build.0 = Release|Any CPU
		{037B9BF9-DC3B-4053-838B-B26BC3BE1759}.Release|ARM.ActiveCfg = Release|Any CPU
		{037B9BF9-DC3B-4053-838B-B26BC3BE1759}.Release|ARM.Build.0 = Release|Any CPU
		{037B9BF9-DC3B-4053-838B-B26BC3BE1759}.Release|iPhone.ActiveCfg = Release|Any CPU
		{037B9BF9-DC3B-4053-838B-B26BC3BE1759}.Release|iPhone.Build.0 = Release|Any CPU
		{037B9BF9-DC3B-4053-838B-B26BC3BE1759}.Release|iPhoneSimulator.ActiveCfg = Release|Any CPU
		{037B9BF9-DC3B-4053-838B-B26BC3BE1759}.Release|iPhoneSimulator.Build.0 = Release|Any CPU
		{037B9BF9-DC3B-4053-838B-B26BC3BE1759}.Release|x64.ActiveCfg = Release|Any CPU
		{037B9BF9-DC3B-4053-838B-B26BC3BE1759}.Release|x64.Build.0 = Release|Any CPU
		{037B9BF9-DC3B-4053-838B-B26BC3BE1759}.Release|x86.ActiveCfg = Release|Any CPU
		{037B9BF9-DC3B-4053-838B-B26BC3BE1759}.Release|x86.Build.0 = Release|Any CPU
		{037B9BF9-DC3B-4053-838B-B26BC3BE1759}.Test|Any CPU.ActiveCfg = Debug|Any CPU
		{037B9BF9-DC3B-4053-838B-B26BC3BE1759}.Test|Any CPU.Build.0 = Debug|Any CPU
		{037B9BF9-DC3B-4053-838B-B26BC3BE1759}.Test|ARM.ActiveCfg = Release|Any CPU
		{037B9BF9-DC3B-4053-838B-B26BC3BE1759}.Test|ARM.Build.0 = Release|Any CPU
		{037B9BF9-DC3B-4053-838B-B26BC3BE1759}.Test|iPhone.ActiveCfg = Release|Any CPU
		{037B9BF9-DC3B-4053-838B-B26BC3BE1759}.Test|iPhone.Build.0 = Release|Any CPU
		{037B9BF9-DC3B-4053-838B-B26BC3BE1759}.Test|iPhoneSimulator.ActiveCfg = Release|Any CPU
		{037B9BF9-DC3B-4053-838B-B26BC3BE1759}.Test|iPhoneSimulator.Build.0 = Release|Any CPU
		{037B9BF9-DC3B-4053-838B-B26BC3BE1759}.Test|x64.ActiveCfg = Release|Any CPU
		{037B9BF9-DC3B-4053-838B-B26BC3BE1759}.Test|x64.Build.0 = Release|Any CPU
		{037B9BF9-DC3B-4053-838B-B26BC3BE1759}.Test|x86.ActiveCfg = Release|Any CPU
		{037B9BF9-DC3B-4053-838B-B26BC3BE1759}.Test|x86.Build.0 = Release|Any CPU
		{9492604A-FBF7-4231-A312-6E0BF5D562CF}.Ad-Hoc|Any CPU.ActiveCfg = Release|iPhone
		{9492604A-FBF7-4231-A312-6E0BF5D562CF}.Ad-Hoc|Any CPU.Build.0 = Release|iPhone
		{9492604A-FBF7-4231-A312-6E0BF5D562CF}.Ad-Hoc|ARM.ActiveCfg = Release|iPhone
		{9492604A-FBF7-4231-A312-6E0BF5D562CF}.Ad-Hoc|ARM.Build.0 = Release|iPhone
		{9492604A-FBF7-4231-A312-6E0BF5D562CF}.Ad-Hoc|iPhone.ActiveCfg = Release|iPhone
		{9492604A-FBF7-4231-A312-6E0BF5D562CF}.Ad-Hoc|iPhone.Build.0 = Release|iPhone
		{9492604A-FBF7-4231-A312-6E0BF5D562CF}.Ad-Hoc|iPhoneSimulator.ActiveCfg = Release|iPhone
		{9492604A-FBF7-4231-A312-6E0BF5D562CF}.Ad-Hoc|iPhoneSimulator.Build.0 = Release|iPhone
		{9492604A-FBF7-4231-A312-6E0BF5D562CF}.Ad-Hoc|x64.ActiveCfg = Release|iPhone
		{9492604A-FBF7-4231-A312-6E0BF5D562CF}.Ad-Hoc|x64.Build.0 = Release|iPhone
		{9492604A-FBF7-4231-A312-6E0BF5D562CF}.Ad-Hoc|x86.ActiveCfg = Release|iPhone
		{9492604A-FBF7-4231-A312-6E0BF5D562CF}.Ad-Hoc|x86.Build.0 = Release|iPhone
		{9492604A-FBF7-4231-A312-6E0BF5D562CF}.AppStore|Any CPU.ActiveCfg = Release|iPhone
		{9492604A-FBF7-4231-A312-6E0BF5D562CF}.AppStore|Any CPU.Build.0 = Release|iPhone
		{9492604A-FBF7-4231-A312-6E0BF5D562CF}.AppStore|ARM.ActiveCfg = Release|iPhone
		{9492604A-FBF7-4231-A312-6E0BF5D562CF}.AppStore|ARM.Build.0 = Release|iPhone
		{9492604A-FBF7-4231-A312-6E0BF5D562CF}.AppStore|iPhone.ActiveCfg = Release|iPhone
		{9492604A-FBF7-4231-A312-6E0BF5D562CF}.AppStore|iPhone.Build.0 = Release|iPhone
		{9492604A-FBF7-4231-A312-6E0BF5D562CF}.AppStore|iPhoneSimulator.ActiveCfg = Release|iPhone
		{9492604A-FBF7-4231-A312-6E0BF5D562CF}.AppStore|iPhoneSimulator.Build.0 = Release|iPhone
		{9492604A-FBF7-4231-A312-6E0BF5D562CF}.AppStore|x64.ActiveCfg = Release|iPhone
		{9492604A-FBF7-4231-A312-6E0BF5D562CF}.AppStore|x64.Build.0 = Release|iPhone
		{9492604A-FBF7-4231-A312-6E0BF5D562CF}.AppStore|x86.ActiveCfg = Release|iPhone
		{9492604A-FBF7-4231-A312-6E0BF5D562CF}.AppStore|x86.Build.0 = Release|iPhone
		{9492604A-FBF7-4231-A312-6E0BF5D562CF}.Debug|Any CPU.ActiveCfg = Debug|iPhone
		{9492604A-FBF7-4231-A312-6E0BF5D562CF}.Debug|Any CPU.Build.0 = Debug|iPhone
		{9492604A-FBF7-4231-A312-6E0BF5D562CF}.Debug|ARM.ActiveCfg = Debug|iPhone
		{9492604A-FBF7-4231-A312-6E0BF5D562CF}.Debug|ARM.Build.0 = Debug|iPhone
		{9492604A-FBF7-4231-A312-6E0BF5D562CF}.Debug|iPhone.ActiveCfg = Debug|iPhone
		{9492604A-FBF7-4231-A312-6E0BF5D562CF}.Debug|iPhone.Build.0 = Debug|iPhone
		{9492604A-FBF7-4231-A312-6E0BF5D562CF}.Debug|iPhoneSimulator.ActiveCfg = Debug|iPhoneSimulator
		{9492604A-FBF7-4231-A312-6E0BF5D562CF}.Debug|iPhoneSimulator.Build.0 = Debug|iPhoneSimulator
		{9492604A-FBF7-4231-A312-6E0BF5D562CF}.Debug|x64.ActiveCfg = Debug|iPhone
		{9492604A-FBF7-4231-A312-6E0BF5D562CF}.Debug|x64.Build.0 = Debug|iPhone
		{9492604A-FBF7-4231-A312-6E0BF5D562CF}.Debug|x86.ActiveCfg = Debug|iPhone
		{9492604A-FBF7-4231-A312-6E0BF5D562CF}.Debug|x86.Build.0 = Debug|iPhone
		{9492604A-FBF7-4231-A312-6E0BF5D562CF}.Release|Any CPU.ActiveCfg = Release|iPhone
		{9492604A-FBF7-4231-A312-6E0BF5D562CF}.Release|Any CPU.Build.0 = Release|iPhone
		{9492604A-FBF7-4231-A312-6E0BF5D562CF}.Release|ARM.ActiveCfg = Release|iPhone
		{9492604A-FBF7-4231-A312-6E0BF5D562CF}.Release|ARM.Build.0 = Release|iPhone
		{9492604A-FBF7-4231-A312-6E0BF5D562CF}.Release|iPhone.ActiveCfg = Release|iPhone
		{9492604A-FBF7-4231-A312-6E0BF5D562CF}.Release|iPhone.Build.0 = Release|iPhone
		{9492604A-FBF7-4231-A312-6E0BF5D562CF}.Release|iPhoneSimulator.ActiveCfg = Release|iPhoneSimulator
		{9492604A-FBF7-4231-A312-6E0BF5D562CF}.Release|iPhoneSimulator.Build.0 = Release|iPhoneSimulator
		{9492604A-FBF7-4231-A312-6E0BF5D562CF}.Release|x64.ActiveCfg = Release|iPhone
		{9492604A-FBF7-4231-A312-6E0BF5D562CF}.Release|x64.Build.0 = Release|iPhone
		{9492604A-FBF7-4231-A312-6E0BF5D562CF}.Release|x86.ActiveCfg = Release|iPhone
		{9492604A-FBF7-4231-A312-6E0BF5D562CF}.Release|x86.Build.0 = Release|iPhone
		{9492604A-FBF7-4231-A312-6E0BF5D562CF}.Test|Any CPU.ActiveCfg = Debug|iPhone
		{9492604A-FBF7-4231-A312-6E0BF5D562CF}.Test|ARM.ActiveCfg = Debug|iPhone
		{9492604A-FBF7-4231-A312-6E0BF5D562CF}.Test|ARM.Build.0 = Debug|iPhone
		{9492604A-FBF7-4231-A312-6E0BF5D562CF}.Test|iPhone.ActiveCfg = Debug|iPhone
		{9492604A-FBF7-4231-A312-6E0BF5D562CF}.Test|iPhone.Build.0 = Debug|iPhone
		{9492604A-FBF7-4231-A312-6E0BF5D562CF}.Test|iPhoneSimulator.ActiveCfg = Debug|iPhoneSimulator
		{9492604A-FBF7-4231-A312-6E0BF5D562CF}.Test|iPhoneSimulator.Build.0 = Debug|iPhoneSimulator
		{9492604A-FBF7-4231-A312-6E0BF5D562CF}.Test|x64.ActiveCfg = Debug|iPhone
		{9492604A-FBF7-4231-A312-6E0BF5D562CF}.Test|x64.Build.0 = Debug|iPhone
		{9492604A-FBF7-4231-A312-6E0BF5D562CF}.Test|x86.ActiveCfg = Debug|iPhone
		{9492604A-FBF7-4231-A312-6E0BF5D562CF}.Test|x86.Build.0 = Debug|iPhone
		{CD78EC9C-C5C0-4353-AFE8-B04086563FF8}.Ad-Hoc|Any CPU.ActiveCfg = Release|Any CPU
		{CD78EC9C-C5C0-4353-AFE8-B04086563FF8}.Ad-Hoc|Any CPU.Build.0 = Release|Any CPU
		{CD78EC9C-C5C0-4353-AFE8-B04086563FF8}.Ad-Hoc|Any CPU.Deploy.0 = Release|Any CPU
		{CD78EC9C-C5C0-4353-AFE8-B04086563FF8}.Ad-Hoc|ARM.ActiveCfg = Release|Any CPU
		{CD78EC9C-C5C0-4353-AFE8-B04086563FF8}.Ad-Hoc|ARM.Build.0 = Release|Any CPU
		{CD78EC9C-C5C0-4353-AFE8-B04086563FF8}.Ad-Hoc|ARM.Deploy.0 = Release|Any CPU
		{CD78EC9C-C5C0-4353-AFE8-B04086563FF8}.Ad-Hoc|iPhone.ActiveCfg = Release|Any CPU
		{CD78EC9C-C5C0-4353-AFE8-B04086563FF8}.Ad-Hoc|iPhone.Build.0 = Release|Any CPU
		{CD78EC9C-C5C0-4353-AFE8-B04086563FF8}.Ad-Hoc|iPhone.Deploy.0 = Release|Any CPU
		{CD78EC9C-C5C0-4353-AFE8-B04086563FF8}.Ad-Hoc|iPhoneSimulator.ActiveCfg = Release|Any CPU
		{CD78EC9C-C5C0-4353-AFE8-B04086563FF8}.Ad-Hoc|iPhoneSimulator.Build.0 = Release|Any CPU
		{CD78EC9C-C5C0-4353-AFE8-B04086563FF8}.Ad-Hoc|iPhoneSimulator.Deploy.0 = Release|Any CPU
		{CD78EC9C-C5C0-4353-AFE8-B04086563FF8}.Ad-Hoc|x64.ActiveCfg = Release|Any CPU
		{CD78EC9C-C5C0-4353-AFE8-B04086563FF8}.Ad-Hoc|x64.Build.0 = Release|Any CPU
		{CD78EC9C-C5C0-4353-AFE8-B04086563FF8}.Ad-Hoc|x64.Deploy.0 = Release|Any CPU
		{CD78EC9C-C5C0-4353-AFE8-B04086563FF8}.Ad-Hoc|x86.ActiveCfg = Release|Any CPU
		{CD78EC9C-C5C0-4353-AFE8-B04086563FF8}.Ad-Hoc|x86.Build.0 = Release|Any CPU
		{CD78EC9C-C5C0-4353-AFE8-B04086563FF8}.Ad-Hoc|x86.Deploy.0 = Release|Any CPU
		{CD78EC9C-C5C0-4353-AFE8-B04086563FF8}.AppStore|Any CPU.ActiveCfg = Release|Any CPU
		{CD78EC9C-C5C0-4353-AFE8-B04086563FF8}.AppStore|Any CPU.Build.0 = Release|Any CPU
		{CD78EC9C-C5C0-4353-AFE8-B04086563FF8}.AppStore|Any CPU.Deploy.0 = Release|Any CPU
		{CD78EC9C-C5C0-4353-AFE8-B04086563FF8}.AppStore|ARM.ActiveCfg = Release|Any CPU
		{CD78EC9C-C5C0-4353-AFE8-B04086563FF8}.AppStore|ARM.Build.0 = Release|Any CPU
		{CD78EC9C-C5C0-4353-AFE8-B04086563FF8}.AppStore|ARM.Deploy.0 = Release|Any CPU
		{CD78EC9C-C5C0-4353-AFE8-B04086563FF8}.AppStore|iPhone.ActiveCfg = Release|Any CPU
		{CD78EC9C-C5C0-4353-AFE8-B04086563FF8}.AppStore|iPhone.Build.0 = Release|Any CPU
		{CD78EC9C-C5C0-4353-AFE8-B04086563FF8}.AppStore|iPhone.Deploy.0 = Release|Any CPU
		{CD78EC9C-C5C0-4353-AFE8-B04086563FF8}.AppStore|iPhoneSimulator.ActiveCfg = Release|Any CPU
		{CD78EC9C-C5C0-4353-AFE8-B04086563FF8}.AppStore|iPhoneSimulator.Build.0 = Release|Any CPU
		{CD78EC9C-C5C0-4353-AFE8-B04086563FF8}.AppStore|iPhoneSimulator.Deploy.0 = Release|Any CPU
		{CD78EC9C-C5C0-4353-AFE8-B04086563FF8}.AppStore|x64.ActiveCfg = Release|Any CPU
		{CD78EC9C-C5C0-4353-AFE8-B04086563FF8}.AppStore|x64.Build.0 = Release|Any CPU
		{CD78EC9C-C5C0-4353-AFE8-B04086563FF8}.AppStore|x64.Deploy.0 = Release|Any CPU
		{CD78EC9C-C5C0-4353-AFE8-B04086563FF8}.AppStore|x86.ActiveCfg = Release|Any CPU
		{CD78EC9C-C5C0-4353-AFE8-B04086563FF8}.AppStore|x86.Build.0 = Release|Any CPU
		{CD78EC9C-C5C0-4353-AFE8-B04086563FF8}.AppStore|x86.Deploy.0 = Release|Any CPU
		{CD78EC9C-C5C0-4353-AFE8-B04086563FF8}.Debug|Any CPU.ActiveCfg = Debug|Any CPU
		{CD78EC9C-C5C0-4353-AFE8-B04086563FF8}.Debug|Any CPU.Build.0 = Debug|Any CPU
		{CD78EC9C-C5C0-4353-AFE8-B04086563FF8}.Debug|Any CPU.Deploy.0 = Debug|Any CPU
		{CD78EC9C-C5C0-4353-AFE8-B04086563FF8}.Debug|ARM.ActiveCfg = Debug|Any CPU
		{CD78EC9C-C5C0-4353-AFE8-B04086563FF8}.Debug|ARM.Build.0 = Debug|Any CPU
		{CD78EC9C-C5C0-4353-AFE8-B04086563FF8}.Debug|ARM.Deploy.0 = Debug|Any CPU
		{CD78EC9C-C5C0-4353-AFE8-B04086563FF8}.Debug|iPhone.ActiveCfg = Debug|Any CPU
		{CD78EC9C-C5C0-4353-AFE8-B04086563FF8}.Debug|iPhone.Build.0 = Debug|Any CPU
		{CD78EC9C-C5C0-4353-AFE8-B04086563FF8}.Debug|iPhone.Deploy.0 = Debug|Any CPU
		{CD78EC9C-C5C0-4353-AFE8-B04086563FF8}.Debug|iPhoneSimulator.ActiveCfg = Debug|Any CPU
		{CD78EC9C-C5C0-4353-AFE8-B04086563FF8}.Debug|iPhoneSimulator.Build.0 = Debug|Any CPU
		{CD78EC9C-C5C0-4353-AFE8-B04086563FF8}.Debug|iPhoneSimulator.Deploy.0 = Debug|Any CPU
		{CD78EC9C-C5C0-4353-AFE8-B04086563FF8}.Debug|x64.ActiveCfg = Debug|Any CPU
		{CD78EC9C-C5C0-4353-AFE8-B04086563FF8}.Debug|x64.Build.0 = Debug|Any CPU
		{CD78EC9C-C5C0-4353-AFE8-B04086563FF8}.Debug|x64.Deploy.0 = Debug|Any CPU
		{CD78EC9C-C5C0-4353-AFE8-B04086563FF8}.Debug|x86.ActiveCfg = Debug|Any CPU
		{CD78EC9C-C5C0-4353-AFE8-B04086563FF8}.Debug|x86.Build.0 = Debug|Any CPU
		{CD78EC9C-C5C0-4353-AFE8-B04086563FF8}.Debug|x86.Deploy.0 = Debug|Any CPU
		{CD78EC9C-C5C0-4353-AFE8-B04086563FF8}.Release|Any CPU.ActiveCfg = Release|Any CPU
		{CD78EC9C-C5C0-4353-AFE8-B04086563FF8}.Release|Any CPU.Build.0 = Release|Any CPU
		{CD78EC9C-C5C0-4353-AFE8-B04086563FF8}.Release|Any CPU.Deploy.0 = Release|Any CPU
		{CD78EC9C-C5C0-4353-AFE8-B04086563FF8}.Release|ARM.ActiveCfg = Release|Any CPU
		{CD78EC9C-C5C0-4353-AFE8-B04086563FF8}.Release|ARM.Build.0 = Release|Any CPU
		{CD78EC9C-C5C0-4353-AFE8-B04086563FF8}.Release|ARM.Deploy.0 = Release|Any CPU
		{CD78EC9C-C5C0-4353-AFE8-B04086563FF8}.Release|iPhone.ActiveCfg = Release|Any CPU
		{CD78EC9C-C5C0-4353-AFE8-B04086563FF8}.Release|iPhone.Build.0 = Release|Any CPU
		{CD78EC9C-C5C0-4353-AFE8-B04086563FF8}.Release|iPhone.Deploy.0 = Release|Any CPU
		{CD78EC9C-C5C0-4353-AFE8-B04086563FF8}.Release|iPhoneSimulator.ActiveCfg = Release|Any CPU
		{CD78EC9C-C5C0-4353-AFE8-B04086563FF8}.Release|iPhoneSimulator.Build.0 = Release|Any CPU
		{CD78EC9C-C5C0-4353-AFE8-B04086563FF8}.Release|iPhoneSimulator.Deploy.0 = Release|Any CPU
		{CD78EC9C-C5C0-4353-AFE8-B04086563FF8}.Release|x64.ActiveCfg = Release|Any CPU
		{CD78EC9C-C5C0-4353-AFE8-B04086563FF8}.Release|x64.Build.0 = Release|Any CPU
		{CD78EC9C-C5C0-4353-AFE8-B04086563FF8}.Release|x64.Deploy.0 = Release|Any CPU
		{CD78EC9C-C5C0-4353-AFE8-B04086563FF8}.Release|x86.ActiveCfg = Release|Any CPU
		{CD78EC9C-C5C0-4353-AFE8-B04086563FF8}.Release|x86.Build.0 = Release|Any CPU
		{CD78EC9C-C5C0-4353-AFE8-B04086563FF8}.Release|x86.Deploy.0 = Release|Any CPU
		{CD78EC9C-C5C0-4353-AFE8-B04086563FF8}.Test|Any CPU.ActiveCfg = Release|Any CPU
		{CD78EC9C-C5C0-4353-AFE8-B04086563FF8}.Test|ARM.ActiveCfg = Release|Any CPU
		{CD78EC9C-C5C0-4353-AFE8-B04086563FF8}.Test|ARM.Build.0 = Release|Any CPU
		{CD78EC9C-C5C0-4353-AFE8-B04086563FF8}.Test|ARM.Deploy.0 = Release|Any CPU
		{CD78EC9C-C5C0-4353-AFE8-B04086563FF8}.Test|iPhone.ActiveCfg = Release|Any CPU
		{CD78EC9C-C5C0-4353-AFE8-B04086563FF8}.Test|iPhone.Build.0 = Release|Any CPU
		{CD78EC9C-C5C0-4353-AFE8-B04086563FF8}.Test|iPhone.Deploy.0 = Release|Any CPU
		{CD78EC9C-C5C0-4353-AFE8-B04086563FF8}.Test|iPhoneSimulator.ActiveCfg = Release|Any CPU
		{CD78EC9C-C5C0-4353-AFE8-B04086563FF8}.Test|iPhoneSimulator.Build.0 = Release|Any CPU
		{CD78EC9C-C5C0-4353-AFE8-B04086563FF8}.Test|iPhoneSimulator.Deploy.0 = Release|Any CPU
		{CD78EC9C-C5C0-4353-AFE8-B04086563FF8}.Test|x64.ActiveCfg = Release|Any CPU
		{CD78EC9C-C5C0-4353-AFE8-B04086563FF8}.Test|x64.Build.0 = Release|Any CPU
		{CD78EC9C-C5C0-4353-AFE8-B04086563FF8}.Test|x64.Deploy.0 = Release|Any CPU
		{CD78EC9C-C5C0-4353-AFE8-B04086563FF8}.Test|x86.ActiveCfg = Release|Any CPU
		{CD78EC9C-C5C0-4353-AFE8-B04086563FF8}.Test|x86.Build.0 = Release|Any CPU
		{CD78EC9C-C5C0-4353-AFE8-B04086563FF8}.Test|x86.Deploy.0 = Release|Any CPU
	EndGlobalSection
	GlobalSection(SolutionProperties) = preSolution
		HideSolutionNode = FALSE
	EndGlobalSection
	GlobalSection(NestedProjects) = preSolution
		{F310F51D-D4B6-43BE-A224-B35471457EA0} = {76F5215C-0B30-4B19-8FED-D24E063370E7}
		{F9F450DD-D41E-4829-8345-B18D84875E5C} = {73F6D098-3FAD-45AC-8EF0-A0116BF6672D}
		{659A865A-2F90-4CC8-9B30-347A7E66ECAF} = {73F6D098-3FAD-45AC-8EF0-A0116BF6672D}
		{6A778528-14D9-4270-96E2-66E7B1077806} = {73F6D098-3FAD-45AC-8EF0-A0116BF6672D}
		{77955AB1-40EA-4634-A047-0BDF3C480F33} = {73F6D098-3FAD-45AC-8EF0-A0116BF6672D}
		{818E536A-FE40-4EA9-99B6-BEAA3A70AB66} = {73F6D098-3FAD-45AC-8EF0-A0116BF6672D}
		{B068FB24-752A-4B5B-869E-8E018EDC9E30} = {F310F51D-D4B6-43BE-A224-B35471457EA0}
		{45E30BCF-E18A-4578-97D2-C31EF4792019} = {F310F51D-D4B6-43BE-A224-B35471457EA0}
		{21954413-4CB1-442C-8276-48ED66ED3AB8} = {F310F51D-D4B6-43BE-A224-B35471457EA0}
		{9D1CD6D5-39C4-46B6-AB63-42362BB4BE4B} = {F9F450DD-D41E-4829-8345-B18D84875E5C}
		{037B9BF9-DC3B-4053-838B-B26BC3BE1759} = {F9F450DD-D41E-4829-8345-B18D84875E5C}
		{3B7F56A6-C690-40A6-BF33-88D565E4DD8F} = {76F5215C-0B30-4B19-8FED-D24E063370E7}
		{9492604A-FBF7-4231-A312-6E0BF5D562CF} = {3B7F56A6-C690-40A6-BF33-88D565E4DD8F}
		{CD78EC9C-C5C0-4353-AFE8-B04086563FF8} = {3B7F56A6-C690-40A6-BF33-88D565E4DD8F}
	EndGlobalSection
	GlobalSection(MonoDevelopProperties) = preSolution
		Policies = $0
		$0.TextStylePolicy = $1
		$1.FileWidth = 120
		$1.inheritsSet = VisualStudio
		$1.inheritsScope = text/plain
		$1.scope = text/x-csharp
		$0.CSharpFormattingPolicy = $2
		$2.IndentSwitchSection = True
		$2.NewLinesForBracesInProperties = True
		$2.NewLinesForBracesInAccessors = True
		$2.NewLinesForBracesInAnonymousMethods = True
		$2.NewLinesForBracesInControlBlocks = True
		$2.NewLinesForBracesInAnonymousTypes = True
		$2.NewLinesForBracesInObjectCollectionArrayInitializers = True
		$2.NewLinesForBracesInLambdaExpressionBody = True
		$2.NewLineForElse = True
		$2.NewLineForCatch = True
		$2.NewLineForFinally = True
		$2.NewLineForMembersInObjectInit = True
		$2.NewLineForMembersInAnonymousTypes = True
		$2.NewLineForClausesInQuery = True
		$2.SpacingAfterMethodDeclarationName = False
		$2.SpaceAfterMethodCallName = False
		$2.SpaceBeforeOpenSquareBracket = False
		$2.inheritsSet = Mono
		$2.inheritsScope = text/x-csharp
		$2.scope = text/x-csharp
	EndGlobalSection
EndGlobal
